// !$*UTF8*$!
{
	archiveVersion = 1;
	classes = {
	};
	objectVersion = 42;
	objects = {

/* Begin PBXBuildFile section */
		AF7F662C16B044A60004327D /* GraphUtils.cpp in Sources */ = {isa = PBXBuildFile; fileRef = AF7F662A16B044A60004327D /* GraphUtils.cpp */; };
		AF7F665A16B0E3F70004327D /* IpEndpointName.cpp in Sources */ = {isa = PBXBuildFile; fileRef = AF7F663616B0E3F70004327D /* IpEndpointName.cpp */; };
		AF7F665B16B0E3F70004327D /* NetworkingUtils.cpp in Sources */ = {isa = PBXBuildFile; fileRef = AF7F663B16B0E3F70004327D /* NetworkingUtils.cpp */; };
		AF7F665C16B0E3F70004327D /* UdpSocket.cpp in Sources */ = {isa = PBXBuildFile; fileRef = AF7F663C16B0E3F70004327D /* UdpSocket.cpp */; };
		AF7F665F16B0E3F70004327D /* OscOutboundPacketStream.cpp in Sources */ = {isa = PBXBuildFile; fileRef = AF7F664616B0E3F70004327D /* OscOutboundPacketStream.cpp */; };
		AF7F666016B0E3F70004327D /* OscPrintReceivedElements.cpp in Sources */ = {isa = PBXBuildFile; fileRef = AF7F664916B0E3F70004327D /* OscPrintReceivedElements.cpp */; };
		AF7F666116B0E3F70004327D /* OscReceivedElements.cpp in Sources */ = {isa = PBXBuildFile; fileRef = AF7F664B16B0E3F70004327D /* OscReceivedElements.cpp */; };
		AF7F666216B0E3F70004327D /* OscTypes.cpp in Sources */ = {isa = PBXBuildFile; fileRef = AF7F664D16B0E3F70004327D /* OscTypes.cpp */; };
		AF7F666316B0E3F70004327D /* ofxOscBundle.cpp in Sources */ = {isa = PBXBuildFile; fileRef = AF7F665216B0E3F70004327D /* ofxOscBundle.cpp */; };
		AF7F666416B0E3F70004327D /* ofxOscMessage.cpp in Sources */ = {isa = PBXBuildFile; fileRef = AF7F665416B0E3F70004327D /* ofxOscMessage.cpp */; };
		AF7F666516B0E3F70004327D /* ofxOscReceiver.cpp in Sources */ = {isa = PBXBuildFile; fileRef = AF7F665616B0E3F70004327D /* ofxOscReceiver.cpp */; };
		AF7F666616B0E3F70004327D /* ofxOscSender.cpp in Sources */ = {isa = PBXBuildFile; fileRef = AF7F665816B0E3F70004327D /* ofxOscSender.cpp */; };
		AF7F667716B20DCA0004327D /* TextSelectBar.cpp in Sources */ = {isa = PBXBuildFile; fileRef = AF7F667516B20DC90004327D /* TextSelectBar.cpp */; };
		AF7F66A716B2F94C0004327D /* TextStack.cpp in Sources */ = {isa = PBXBuildFile; fileRef = AF7F66A516B2F94B0004327D /* TextStack.cpp */; };
		AFFD4A4A16ABABF2003D02A8 /* libcurl.a in Frameworks */ = {isa = PBXBuildFile; fileRef = AFFD49BD16ABABF2003D02A8 /* libcurl.a */; };
		AFFD4A4B16ABABF2003D02A8 /* liboauth.a in Frameworks */ = {isa = PBXBuildFile; fileRef = AFFD49C316ABABF2003D02A8 /* liboauth.a */; };
		AFFD4A4C16ABABF2003D02A8 /* libcrypto.a in Frameworks */ = {isa = PBXBuildFile; fileRef = AFFD4A1416ABABF2003D02A8 /* libcrypto.a */; };
		AFFD4A4D16ABABF2003D02A8 /* libssl.a in Frameworks */ = {isa = PBXBuildFile; fileRef = AFFD4A1516ABABF2003D02A8 /* libssl.a */; };
		AFFD4A4E16ABABF2003D02A8 /* ofxOAuth.cpp in Sources */ = {isa = PBXBuildFile; fileRef = AFFD4A1A16ABABF2003D02A8 /* ofxOAuth.cpp */; };
		AFFD4A4F16ABABF2003D02A8 /* tinyxml.cpp in Sources */ = {isa = PBXBuildFile; fileRef = AFFD4A2016ABABF2003D02A8 /* tinyxml.cpp */; };
		AFFD4A5016ABABF2003D02A8 /* tinyxmlerror.cpp in Sources */ = {isa = PBXBuildFile; fileRef = AFFD4A2216ABABF2003D02A8 /* tinyxmlerror.cpp */; };
		AFFD4A5116ABABF2003D02A8 /* tinyxmlparser.cpp in Sources */ = {isa = PBXBuildFile; fileRef = AFFD4A2316ABABF2003D02A8 /* tinyxmlparser.cpp */; };
		AFFD4A5216ABABF2003D02A8 /* ofxXmlSettings.cpp in Sources */ = {isa = PBXBuildFile; fileRef = AFFD4A2516ABABF2003D02A8 /* ofxXmlSettings.cpp */; };
		AFFD4ACE16ABACFD003D02A8 /* dump.c in Sources */ = {isa = PBXBuildFile; fileRef = AFFD4A9C16ABACFD003D02A8 /* dump.c */; };
		AFFD4ACF16ABACFD003D02A8 /* error.c in Sources */ = {isa = PBXBuildFile; fileRef = AFFD4A9D16ABACFD003D02A8 /* error.c */; };
		AFFD4AD016ABACFD003D02A8 /* hashtable.c in Sources */ = {isa = PBXBuildFile; fileRef = AFFD4A9E16ABACFD003D02A8 /* hashtable.c */; };
		AFFD4AD116ABACFD003D02A8 /* load.c in Sources */ = {isa = PBXBuildFile; fileRef = AFFD4AA316ABACFD003D02A8 /* load.c */; };
		AFFD4AD216ABACFD003D02A8 /* memory.c in Sources */ = {isa = PBXBuildFile; fileRef = AFFD4AA416ABACFD003D02A8 /* memory.c */; };
		AFFD4AD316ABACFD003D02A8 /* pack_unpack.c in Sources */ = {isa = PBXBuildFile; fileRef = AFFD4AA516ABACFD003D02A8 /* pack_unpack.c */; };
		AFFD4AD416ABACFD003D02A8 /* strbuffer.c in Sources */ = {isa = PBXBuildFile; fileRef = AFFD4AA616ABACFD003D02A8 /* strbuffer.c */; };
		AFFD4AD516ABACFD003D02A8 /* utf.c in Sources */ = {isa = PBXBuildFile; fileRef = AFFD4AA816ABACFD003D02A8 /* utf.c */; };
		AFFD4AD616ABACFD003D02A8 /* value.c in Sources */ = {isa = PBXBuildFile; fileRef = AFFD4AAA16ABACFD003D02A8 /* value.c */; };
		AFFD4AD716ABACFD003D02A8 /* modp_b64.c in Sources */ = {isa = PBXBuildFile; fileRef = AFFD4AAC16ABACFD003D02A8 /* modp_b64.c */; };
		AFFD4AE616AC8D95003D02A8 /* ofxBaseTwitterApi.cpp in Sources */ = {isa = PBXBuildFile; fileRef = AFFD4AE516AC8D95003D02A8 /* ofxBaseTwitterApi.cpp */; };
		BBAB23CB13894F3D00AA2426 /* GLUT.framework in CopyFiles */ = {isa = PBXBuildFile; fileRef = BBAB23BE13894E4700AA2426 /* GLUT.framework */; };
		E4328149138ABC9F0047C5CB /* openFrameworksDebug.a in Frameworks */ = {isa = PBXBuildFile; fileRef = E4328148138ABC890047C5CB /* openFrameworksDebug.a */; };
		E45BE97B0E8CC7DD009D7055 /* AGL.framework in Frameworks */ = {isa = PBXBuildFile; fileRef = E45BE9710E8CC7DD009D7055 /* AGL.framework */; };
		E45BE97C0E8CC7DD009D7055 /* ApplicationServices.framework in Frameworks */ = {isa = PBXBuildFile; fileRef = E45BE9720E8CC7DD009D7055 /* ApplicationServices.framework */; };
		E45BE97D0E8CC7DD009D7055 /* AudioToolbox.framework in Frameworks */ = {isa = PBXBuildFile; fileRef = E45BE9730E8CC7DD009D7055 /* AudioToolbox.framework */; };
		E45BE97E0E8CC7DD009D7055 /* Carbon.framework in Frameworks */ = {isa = PBXBuildFile; fileRef = E45BE9740E8CC7DD009D7055 /* Carbon.framework */; };
		E45BE97F0E8CC7DD009D7055 /* CoreAudio.framework in Frameworks */ = {isa = PBXBuildFile; fileRef = E45BE9750E8CC7DD009D7055 /* CoreAudio.framework */; };
		E45BE9800E8CC7DD009D7055 /* CoreFoundation.framework in Frameworks */ = {isa = PBXBuildFile; fileRef = E45BE9760E8CC7DD009D7055 /* CoreFoundation.framework */; };
		E45BE9810E8CC7DD009D7055 /* CoreServices.framework in Frameworks */ = {isa = PBXBuildFile; fileRef = E45BE9770E8CC7DD009D7055 /* CoreServices.framework */; };
		E45BE9830E8CC7DD009D7055 /* OpenGL.framework in Frameworks */ = {isa = PBXBuildFile; fileRef = E45BE9790E8CC7DD009D7055 /* OpenGL.framework */; };
		E45BE9840E8CC7DD009D7055 /* QuickTime.framework in Frameworks */ = {isa = PBXBuildFile; fileRef = E45BE97A0E8CC7DD009D7055 /* QuickTime.framework */; };
		E4B69E200A3A1BDC003C02F2 /* main.cpp in Sources */ = {isa = PBXBuildFile; fileRef = E4B69E1D0A3A1BDC003C02F2 /* main.cpp */; };
		E4B69E210A3A1BDC003C02F2 /* testApp.cpp in Sources */ = {isa = PBXBuildFile; fileRef = E4B69E1E0A3A1BDC003C02F2 /* testApp.cpp */; };
		E4C2424710CC5A17004149E2 /* AppKit.framework in Frameworks */ = {isa = PBXBuildFile; fileRef = E4C2424410CC5A17004149E2 /* AppKit.framework */; };
		E4C2424810CC5A17004149E2 /* Cocoa.framework in Frameworks */ = {isa = PBXBuildFile; fileRef = E4C2424510CC5A17004149E2 /* Cocoa.framework */; };
		E4C2424910CC5A17004149E2 /* IOKit.framework in Frameworks */ = {isa = PBXBuildFile; fileRef = E4C2424610CC5A17004149E2 /* IOKit.framework */; };
		E4EB6799138ADC1D00A09F29 /* GLUT.framework in Frameworks */ = {isa = PBXBuildFile; fileRef = BBAB23BE13894E4700AA2426 /* GLUT.framework */; };
		E7E077E515D3B63C0020DFD4 /* CoreVideo.framework in Frameworks */ = {isa = PBXBuildFile; fileRef = E7E077E415D3B63C0020DFD4 /* CoreVideo.framework */; };
		E7E077E815D3B6510020DFD4 /* QTKit.framework in Frameworks */ = {isa = PBXBuildFile; fileRef = E7E077E715D3B6510020DFD4 /* QTKit.framework */; };
		E7F985F815E0DEA3003869B5 /* Accelerate.framework in Frameworks */ = {isa = PBXBuildFile; fileRef = E7F985F515E0DE99003869B5 /* Accelerate.framework */; };
/* End PBXBuildFile section */

/* Begin PBXContainerItemProxy section */
		E4328147138ABC890047C5CB /* PBXContainerItemProxy */ = {
			isa = PBXContainerItemProxy;
			containerPortal = E4328143138ABC890047C5CB /* openFrameworksLib.xcodeproj */;
			proxyType = 2;
			remoteGlobalIDString = E4B27C1510CBEB8E00536013;
			remoteInfo = openFrameworks;
		};
		E4EEB9AB138B136A00A80321 /* PBXContainerItemProxy */ = {
			isa = PBXContainerItemProxy;
			containerPortal = E4328143138ABC890047C5CB /* openFrameworksLib.xcodeproj */;
			proxyType = 1;
			remoteGlobalIDString = E4B27C1410CBEB8E00536013;
			remoteInfo = openFrameworks;
		};
/* End PBXContainerItemProxy section */

/* Begin PBXCopyFilesBuildPhase section */
		E4C2427710CC5ABF004149E2 /* CopyFiles */ = {
			isa = PBXCopyFilesBuildPhase;
			buildActionMask = 2147483647;
			dstPath = "";
			dstSubfolderSpec = 10;
			files = (
				BBAB23CB13894F3D00AA2426 /* GLUT.framework in CopyFiles */,
			);
			runOnlyForDeploymentPostprocessing = 0;
		};
/* End PBXCopyFilesBuildPhase section */

/* Begin PBXFileReference section */
		AF7F655716AF8C380004327D /* ofxUI.h */ = {isa = PBXFileReference; fileEncoding = 4; lastKnownFileType = sourcecode.c.h; path = ofxUI.h; sourceTree = "<group>"; };
		AF7F655816AF8C380004327D /* ofxUI2DPad.h */ = {isa = PBXFileReference; fileEncoding = 4; lastKnownFileType = sourcecode.c.h; path = ofxUI2DPad.h; sourceTree = "<group>"; };
		AF7F655916AF8C380004327D /* ofxUIBaseDraws.h */ = {isa = PBXFileReference; fileEncoding = 4; lastKnownFileType = sourcecode.c.h; path = ofxUIBaseDraws.h; sourceTree = "<group>"; };
		AF7F655A16AF8C380004327D /* ofxUIBiLabelSlider.h */ = {isa = PBXFileReference; fileEncoding = 4; lastKnownFileType = sourcecode.c.h; path = ofxUIBiLabelSlider.h; sourceTree = "<group>"; };
		AF7F655B16AF8C380004327D /* ofxUIButton.h */ = {isa = PBXFileReference; fileEncoding = 4; lastKnownFileType = sourcecode.c.h; path = ofxUIButton.h; sourceTree = "<group>"; };
		AF7F655C16AF8C380004327D /* ofxUICanvas.h */ = {isa = PBXFileReference; fileEncoding = 4; lastKnownFileType = sourcecode.c.h; path = ofxUICanvas.h; sourceTree = "<group>"; };
		AF7F655D16AF8C380004327D /* ofxUICircleSlider.h */ = {isa = PBXFileReference; fileEncoding = 4; lastKnownFileType = sourcecode.c.h; path = ofxUICircleSlider.h; sourceTree = "<group>"; };
		AF7F655E16AF8C380004327D /* ofxUICustomImageButton.h */ = {isa = PBXFileReference; fileEncoding = 4; lastKnownFileType = sourcecode.c.h; path = ofxUICustomImageButton.h; sourceTree = "<group>"; };
		AF7F655F16AF8C380004327D /* ofxUIDropDownList.h */ = {isa = PBXFileReference; fileEncoding = 4; lastKnownFileType = sourcecode.c.h; path = ofxUIDropDownList.h; sourceTree = "<group>"; };
		AF7F656016AF8C380004327D /* ofxUIEventArgs.h */ = {isa = PBXFileReference; fileEncoding = 4; lastKnownFileType = sourcecode.c.h; path = ofxUIEventArgs.h; sourceTree = "<group>"; };
		AF7F656116AF8C380004327D /* ofxUIFPS.h */ = {isa = PBXFileReference; fileEncoding = 4; lastKnownFileType = sourcecode.c.h; path = ofxUIFPS.h; sourceTree = "<group>"; };
		AF7F656216AF8C380004327D /* ofxUIFPSSlider.h */ = {isa = PBXFileReference; fileEncoding = 4; lastKnownFileType = sourcecode.c.h; path = ofxUIFPSSlider.h; sourceTree = "<group>"; };
		AF7F656316AF8C380004327D /* ofxUIImage.h */ = {isa = PBXFileReference; fileEncoding = 4; lastKnownFileType = sourcecode.c.h; path = ofxUIImage.h; sourceTree = "<group>"; };
		AF7F656416AF8C380004327D /* ofxUIImageButton.h */ = {isa = PBXFileReference; fileEncoding = 4; lastKnownFileType = sourcecode.c.h; path = ofxUIImageButton.h; sourceTree = "<group>"; };
		AF7F656516AF8C380004327D /* ofxUIImageSampler.h */ = {isa = PBXFileReference; fileEncoding = 4; lastKnownFileType = sourcecode.c.h; path = ofxUIImageSampler.h; sourceTree = "<group>"; };
		AF7F656616AF8C380004327D /* ofxUIImageSlider.h */ = {isa = PBXFileReference; fileEncoding = 4; lastKnownFileType = sourcecode.c.h; path = ofxUIImageSlider.h; sourceTree = "<group>"; };
		AF7F656716AF8C380004327D /* ofxUIImageToggle.h */ = {isa = PBXFileReference; fileEncoding = 4; lastKnownFileType = sourcecode.c.h; path = ofxUIImageToggle.h; sourceTree = "<group>"; };
		AF7F656816AF8C380004327D /* ofxUILabel.h */ = {isa = PBXFileReference; fileEncoding = 4; lastKnownFileType = sourcecode.c.h; path = ofxUILabel.h; sourceTree = "<group>"; };
		AF7F656916AF8C380004327D /* ofxUILabelButton.h */ = {isa = PBXFileReference; fileEncoding = 4; lastKnownFileType = sourcecode.c.h; path = ofxUILabelButton.h; sourceTree = "<group>"; };
		AF7F656A16AF8C380004327D /* ofxUILabelToggle.h */ = {isa = PBXFileReference; fileEncoding = 4; lastKnownFileType = sourcecode.c.h; path = ofxUILabelToggle.h; sourceTree = "<group>"; };
		AF7F656B16AF8C380004327D /* ofxUIMinimalSlider.h */ = {isa = PBXFileReference; fileEncoding = 4; lastKnownFileType = sourcecode.c.h; path = ofxUIMinimalSlider.h; sourceTree = "<group>"; };
		AF7F656C16AF8C380004327D /* ofxUIMovingGraph.h */ = {isa = PBXFileReference; fileEncoding = 4; lastKnownFileType = sourcecode.c.h; path = ofxUIMovingGraph.h; sourceTree = "<group>"; };
		AF7F656D16AF8C380004327D /* ofxUIMultiImageButton.h */ = {isa = PBXFileReference; fileEncoding = 4; lastKnownFileType = sourcecode.c.h; path = ofxUIMultiImageButton.h; sourceTree = "<group>"; };
		AF7F656E16AF8C380004327D /* ofxUIMultiImageSlider.h */ = {isa = PBXFileReference; fileEncoding = 4; lastKnownFileType = sourcecode.c.h; path = ofxUIMultiImageSlider.h; sourceTree = "<group>"; };
		AF7F656F16AF8C380004327D /* ofxUIMultiImageToggle.h */ = {isa = PBXFileReference; fileEncoding = 4; lastKnownFileType = sourcecode.c.h; path = ofxUIMultiImageToggle.h; sourceTree = "<group>"; };
		AF7F657016AF8C380004327D /* ofxUINumberDialer.h */ = {isa = PBXFileReference; fileEncoding = 4; lastKnownFileType = sourcecode.c.h; path = ofxUINumberDialer.h; sourceTree = "<group>"; };
		AF7F657116AF8C380004327D /* ofxUIRadio.h */ = {isa = PBXFileReference; fileEncoding = 4; lastKnownFileType = sourcecode.c.h; path = ofxUIRadio.h; sourceTree = "<group>"; };
		AF7F657216AF8C380004327D /* ofxUIRangeSlider.h */ = {isa = PBXFileReference; fileEncoding = 4; lastKnownFileType = sourcecode.c.h; path = ofxUIRangeSlider.h; sourceTree = "<group>"; };
		AF7F657316AF8C380004327D /* ofxUIRectangle.h */ = {isa = PBXFileReference; fileEncoding = 4; lastKnownFileType = sourcecode.c.h; path = ofxUIRectangle.h; sourceTree = "<group>"; };
		AF7F657416AF8C380004327D /* ofxUIRotarySlider.h */ = {isa = PBXFileReference; fileEncoding = 4; lastKnownFileType = sourcecode.c.h; path = ofxUIRotarySlider.h; sourceTree = "<group>"; };
		AF7F657516AF8C380004327D /* ofxUIScrollableCanvas.h */ = {isa = PBXFileReference; fileEncoding = 4; lastKnownFileType = sourcecode.c.h; path = ofxUIScrollableCanvas.h; sourceTree = "<group>"; };
		AF7F657616AF8C380004327D /* ofxUISlider.h */ = {isa = PBXFileReference; fileEncoding = 4; lastKnownFileType = sourcecode.c.h; path = ofxUISlider.h; sourceTree = "<group>"; };
		AF7F657716AF8C380004327D /* ofxUISpacer.h */ = {isa = PBXFileReference; fileEncoding = 4; lastKnownFileType = sourcecode.c.h; path = ofxUISpacer.h; sourceTree = "<group>"; };
		AF7F657816AF8C380004327D /* ofxUISpectrum.h */ = {isa = PBXFileReference; fileEncoding = 4; lastKnownFileType = sourcecode.c.h; path = ofxUISpectrum.h; sourceTree = "<group>"; };
		AF7F657916AF8C380004327D /* ofxUITextArea.h */ = {isa = PBXFileReference; fileEncoding = 4; lastKnownFileType = sourcecode.c.h; path = ofxUITextArea.h; sourceTree = "<group>"; };
		AF7F657A16AF8C380004327D /* ofxUITextInput.h */ = {isa = PBXFileReference; fileEncoding = 4; lastKnownFileType = sourcecode.c.h; path = ofxUITextInput.h; sourceTree = "<group>"; };
		AF7F657B16AF8C380004327D /* ofxUIToggle.h */ = {isa = PBXFileReference; fileEncoding = 4; lastKnownFileType = sourcecode.c.h; path = ofxUIToggle.h; sourceTree = "<group>"; };
		AF7F657C16AF8C380004327D /* ofxUIToggleMatrix.h */ = {isa = PBXFileReference; fileEncoding = 4; lastKnownFileType = sourcecode.c.h; path = ofxUIToggleMatrix.h; sourceTree = "<group>"; };
		AF7F657D16AF8C380004327D /* ofxUIWaveform.h */ = {isa = PBXFileReference; fileEncoding = 4; lastKnownFileType = sourcecode.c.h; path = ofxUIWaveform.h; sourceTree = "<group>"; };
		AF7F657E16AF8C380004327D /* ofxUIWidget.h */ = {isa = PBXFileReference; fileEncoding = 4; lastKnownFileType = sourcecode.c.h; path = ofxUIWidget.h; sourceTree = "<group>"; };
		AF7F657F16AF8C380004327D /* ofxUIWidgetWithLabel.h */ = {isa = PBXFileReference; fileEncoding = 4; lastKnownFileType = sourcecode.c.h; path = ofxUIWidgetWithLabel.h; sourceTree = "<group>"; };
		AF7F662A16B044A60004327D /* GraphUtils.cpp */ = {isa = PBXFileReference; fileEncoding = 4; lastKnownFileType = sourcecode.cpp.cpp; path = GraphUtils.cpp; sourceTree = "<group>"; };
		AF7F662B16B044A60004327D /* GraphUtils.h */ = {isa = PBXFileReference; fileEncoding = 4; lastKnownFileType = sourcecode.c.h; path = GraphUtils.h; sourceTree = "<group>"; };
		AF7F663616B0E3F70004327D /* IpEndpointName.cpp */ = {isa = PBXFileReference; fileEncoding = 4; lastKnownFileType = sourcecode.cpp.cpp; path = IpEndpointName.cpp; sourceTree = "<group>"; };
		AF7F663716B0E3F70004327D /* IpEndpointName.h */ = {isa = PBXFileReference; fileEncoding = 4; lastKnownFileType = sourcecode.c.h; path = IpEndpointName.h; sourceTree = "<group>"; };
		AF7F663816B0E3F70004327D /* NetworkingUtils.h */ = {isa = PBXFileReference; fileEncoding = 4; lastKnownFileType = sourcecode.c.h; path = NetworkingUtils.h; sourceTree = "<group>"; };
		AF7F663916B0E3F70004327D /* PacketListener.h */ = {isa = PBXFileReference; fileEncoding = 4; lastKnownFileType = sourcecode.c.h; path = PacketListener.h; sourceTree = "<group>"; };
		AF7F663B16B0E3F70004327D /* NetworkingUtils.cpp */ = {isa = PBXFileReference; fileEncoding = 4; lastKnownFileType = sourcecode.cpp.cpp; path = NetworkingUtils.cpp; sourceTree = "<group>"; };
		AF7F663C16B0E3F70004327D /* UdpSocket.cpp */ = {isa = PBXFileReference; fileEncoding = 4; lastKnownFileType = sourcecode.cpp.cpp; path = UdpSocket.cpp; sourceTree = "<group>"; };
		AF7F663D16B0E3F70004327D /* TimerListener.h */ = {isa = PBXFileReference; fileEncoding = 4; lastKnownFileType = sourcecode.c.h; path = TimerListener.h; sourceTree = "<group>"; };
		AF7F663E16B0E3F70004327D /* UdpSocket.h */ = {isa = PBXFileReference; fileEncoding = 4; lastKnownFileType = sourcecode.c.h; path = UdpSocket.h; sourceTree = "<group>"; };
		AF7F664316B0E3F70004327D /* MessageMappingOscPacketListener.h */ = {isa = PBXFileReference; fileEncoding = 4; lastKnownFileType = sourcecode.c.h; path = MessageMappingOscPacketListener.h; sourceTree = "<group>"; };
		AF7F664416B0E3F70004327D /* OscException.h */ = {isa = PBXFileReference; fileEncoding = 4; lastKnownFileType = sourcecode.c.h; path = OscException.h; sourceTree = "<group>"; };
		AF7F664516B0E3F70004327D /* OscHostEndianness.h */ = {isa = PBXFileReference; fileEncoding = 4; lastKnownFileType = sourcecode.c.h; path = OscHostEndianness.h; sourceTree = "<group>"; };
		AF7F664616B0E3F70004327D /* OscOutboundPacketStream.cpp */ = {isa = PBXFileReference; fileEncoding = 4; lastKnownFileType = sourcecode.cpp.cpp; path = OscOutboundPacketStream.cpp; sourceTree = "<group>"; };
		AF7F664716B0E3F70004327D /* OscOutboundPacketStream.h */ = {isa = PBXFileReference; fileEncoding = 4; lastKnownFileType = sourcecode.c.h; path = OscOutboundPacketStream.h; sourceTree = "<group>"; };
		AF7F664816B0E3F70004327D /* OscPacketListener.h */ = {isa = PBXFileReference; fileEncoding = 4; lastKnownFileType = sourcecode.c.h; path = OscPacketListener.h; sourceTree = "<group>"; };
		AF7F664916B0E3F70004327D /* OscPrintReceivedElements.cpp */ = {isa = PBXFileReference; fileEncoding = 4; lastKnownFileType = sourcecode.cpp.cpp; path = OscPrintReceivedElements.cpp; sourceTree = "<group>"; };
		AF7F664A16B0E3F70004327D /* OscPrintReceivedElements.h */ = {isa = PBXFileReference; fileEncoding = 4; lastKnownFileType = sourcecode.c.h; path = OscPrintReceivedElements.h; sourceTree = "<group>"; };
		AF7F664B16B0E3F70004327D /* OscReceivedElements.cpp */ = {isa = PBXFileReference; fileEncoding = 4; lastKnownFileType = sourcecode.cpp.cpp; path = OscReceivedElements.cpp; sourceTree = "<group>"; };
		AF7F664C16B0E3F70004327D /* OscReceivedElements.h */ = {isa = PBXFileReference; fileEncoding = 4; lastKnownFileType = sourcecode.c.h; path = OscReceivedElements.h; sourceTree = "<group>"; };
		AF7F664D16B0E3F70004327D /* OscTypes.cpp */ = {isa = PBXFileReference; fileEncoding = 4; lastKnownFileType = sourcecode.cpp.cpp; path = OscTypes.cpp; sourceTree = "<group>"; };
		AF7F664E16B0E3F70004327D /* OscTypes.h */ = {isa = PBXFileReference; fileEncoding = 4; lastKnownFileType = sourcecode.c.h; path = OscTypes.h; sourceTree = "<group>"; };
		AF7F665016B0E3F70004327D /* ofxOsc.h */ = {isa = PBXFileReference; fileEncoding = 4; lastKnownFileType = sourcecode.c.h; path = ofxOsc.h; sourceTree = "<group>"; };
		AF7F665116B0E3F70004327D /* ofxOscArg.h */ = {isa = PBXFileReference; fileEncoding = 4; lastKnownFileType = sourcecode.c.h; path = ofxOscArg.h; sourceTree = "<group>"; };
		AF7F665216B0E3F70004327D /* ofxOscBundle.cpp */ = {isa = PBXFileReference; fileEncoding = 4; lastKnownFileType = sourcecode.cpp.cpp; path = ofxOscBundle.cpp; sourceTree = "<group>"; };
		AF7F665316B0E3F70004327D /* ofxOscBundle.h */ = {isa = PBXFileReference; fileEncoding = 4; lastKnownFileType = sourcecode.c.h; path = ofxOscBundle.h; sourceTree = "<group>"; };
		AF7F665416B0E3F70004327D /* ofxOscMessage.cpp */ = {isa = PBXFileReference; fileEncoding = 4; lastKnownFileType = sourcecode.cpp.cpp; path = ofxOscMessage.cpp; sourceTree = "<group>"; };
		AF7F665516B0E3F70004327D /* ofxOscMessage.h */ = {isa = PBXFileReference; fileEncoding = 4; lastKnownFileType = sourcecode.c.h; path = ofxOscMessage.h; sourceTree = "<group>"; };
		AF7F665616B0E3F70004327D /* ofxOscReceiver.cpp */ = {isa = PBXFileReference; fileEncoding = 4; lastKnownFileType = sourcecode.cpp.cpp; path = ofxOscReceiver.cpp; sourceTree = "<group>"; };
		AF7F665716B0E3F70004327D /* ofxOscReceiver.h */ = {isa = PBXFileReference; fileEncoding = 4; lastKnownFileType = sourcecode.c.h; path = ofxOscReceiver.h; sourceTree = "<group>"; };
		AF7F665816B0E3F70004327D /* ofxOscSender.cpp */ = {isa = PBXFileReference; fileEncoding = 4; lastKnownFileType = sourcecode.cpp.cpp; path = ofxOscSender.cpp; sourceTree = "<group>"; };
		AF7F665916B0E3F70004327D /* ofxOscSender.h */ = {isa = PBXFileReference; fileEncoding = 4; lastKnownFileType = sourcecode.c.h; path = ofxOscSender.h; sourceTree = "<group>"; };
		AF7F667516B20DC90004327D /* TextSelectBar.cpp */ = {isa = PBXFileReference; fileEncoding = 4; lastKnownFileType = sourcecode.cpp.cpp; path = TextSelectBar.cpp; sourceTree = "<group>"; };
		AF7F667616B20DCA0004327D /* TextSelectBar.h */ = {isa = PBXFileReference; fileEncoding = 4; lastKnownFileType = sourcecode.c.h; path = TextSelectBar.h; sourceTree = "<group>"; };
		AF7F66A516B2F94B0004327D /* TextStack.cpp */ = {isa = PBXFileReference; fileEncoding = 4; lastKnownFileType = sourcecode.cpp.cpp; path = TextStack.cpp; sourceTree = "<group>"; };
		AF7F66A616B2F94B0004327D /* TextStack.h */ = {isa = PBXFileReference; fileEncoding = 4; lastKnownFileType = sourcecode.c.h; path = TextStack.h; sourceTree = "<group>"; };
		AFA480451696089E00986842 /* AbismoTwitterOF.app */ = {isa = PBXFileReference; explicitFileType = wrapper.application; includeInIndex = 0; name = AbismoTwitterOF.app; path = /Users/thiago/Dev/openFrameworks/apps/myApps/AbismoTwitterOF/bin/AbismoTwitterOF.app; sourceTree = "<absolute>"; };
		AFFD494A16ABABCD003D02A8 /* ofxBaseTwitterApi.h */ = {isa = PBXFileReference; fileEncoding = 4; lastKnownFileType = sourcecode.c.h; path = ofxBaseTwitterApi.h; sourceTree = "<group>"; };
		AFFD49B216ABABF2003D02A8 /* curl.h */ = {isa = PBXFileReference; fileEncoding = 4; lastKnownFileType = sourcecode.c.h; path = curl.h; sourceTree = "<group>"; };
		AFFD49B316ABABF2003D02A8 /* curlbuild.h */ = {isa = PBXFileReference; fileEncoding = 4; lastKnownFileType = sourcecode.c.h; path = curlbuild.h; sourceTree = "<group>"; };
		AFFD49B416ABABF2003D02A8 /* curlrules.h */ = {isa = PBXFileReference; fileEncoding = 4; lastKnownFileType = sourcecode.c.h; path = curlrules.h; sourceTree = "<group>"; };
		AFFD49B516ABABF2003D02A8 /* curlver.h */ = {isa = PBXFileReference; fileEncoding = 4; lastKnownFileType = sourcecode.c.h; path = curlver.h; sourceTree = "<group>"; };
		AFFD49B616ABABF2003D02A8 /* easy.h */ = {isa = PBXFileReference; fileEncoding = 4; lastKnownFileType = sourcecode.c.h; path = easy.h; sourceTree = "<group>"; };
		AFFD49B716ABABF2003D02A8 /* mprintf.h */ = {isa = PBXFileReference; fileEncoding = 4; lastKnownFileType = sourcecode.c.h; path = mprintf.h; sourceTree = "<group>"; };
		AFFD49B816ABABF2003D02A8 /* multi.h */ = {isa = PBXFileReference; fileEncoding = 4; lastKnownFileType = sourcecode.c.h; path = multi.h; sourceTree = "<group>"; };
		AFFD49B916ABABF2003D02A8 /* stdcheaders.h */ = {isa = PBXFileReference; fileEncoding = 4; lastKnownFileType = sourcecode.c.h; path = stdcheaders.h; sourceTree = "<group>"; };
		AFFD49BA16ABABF2003D02A8 /* typecheck-gcc.h */ = {isa = PBXFileReference; fileEncoding = 4; lastKnownFileType = sourcecode.c.h; path = "typecheck-gcc.h"; sourceTree = "<group>"; };
		AFFD49BD16ABABF2003D02A8 /* libcurl.a */ = {isa = PBXFileReference; lastKnownFileType = archive.ar; path = libcurl.a; sourceTree = "<group>"; };
		AFFD49C016ABABF2003D02A8 /* oauth.h */ = {isa = PBXFileReference; fileEncoding = 4; lastKnownFileType = sourcecode.c.h; path = oauth.h; sourceTree = "<group>"; };
		AFFD49C316ABABF2003D02A8 /* liboauth.a */ = {isa = PBXFileReference; lastKnownFileType = archive.ar; path = liboauth.a; sourceTree = "<group>"; };
		AFFD49C716ABABF2003D02A8 /* aes.h */ = {isa = PBXFileReference; fileEncoding = 4; lastKnownFileType = sourcecode.c.h; path = aes.h; sourceTree = "<group>"; };
		AFFD49C816ABABF2003D02A8 /* asn1.h */ = {isa = PBXFileReference; fileEncoding = 4; lastKnownFileType = sourcecode.c.h; path = asn1.h; sourceTree = "<group>"; };
		AFFD49C916ABABF2003D02A8 /* asn1_mac.h */ = {isa = PBXFileReference; fileEncoding = 4; lastKnownFileType = sourcecode.c.h; path = asn1_mac.h; sourceTree = "<group>"; };
		AFFD49CA16ABABF2003D02A8 /* asn1t.h */ = {isa = PBXFileReference; fileEncoding = 4; lastKnownFileType = sourcecode.c.h; path = asn1t.h; sourceTree = "<group>"; };
		AFFD49CB16ABABF2003D02A8 /* bio.h */ = {isa = PBXFileReference; fileEncoding = 4; lastKnownFileType = sourcecode.c.h; path = bio.h; sourceTree = "<group>"; };
		AFFD49CC16ABABF2003D02A8 /* blowfish.h */ = {isa = PBXFileReference; fileEncoding = 4; lastKnownFileType = sourcecode.c.h; path = blowfish.h; sourceTree = "<group>"; };
		AFFD49CD16ABABF2003D02A8 /* bn.h */ = {isa = PBXFileReference; fileEncoding = 4; lastKnownFileType = sourcecode.c.h; path = bn.h; sourceTree = "<group>"; };
		AFFD49CE16ABABF2003D02A8 /* buffer.h */ = {isa = PBXFileReference; fileEncoding = 4; lastKnownFileType = sourcecode.c.h; path = buffer.h; sourceTree = "<group>"; };
		AFFD49CF16ABABF2003D02A8 /* camellia.h */ = {isa = PBXFileReference; fileEncoding = 4; lastKnownFileType = sourcecode.c.h; path = camellia.h; sourceTree = "<group>"; };
		AFFD49D016ABABF2003D02A8 /* cast.h */ = {isa = PBXFileReference; fileEncoding = 4; lastKnownFileType = sourcecode.c.h; path = cast.h; sourceTree = "<group>"; };
		AFFD49D116ABABF2003D02A8 /* cmac.h */ = {isa = PBXFileReference; fileEncoding = 4; lastKnownFileType = sourcecode.c.h; path = cmac.h; sourceTree = "<group>"; };
		AFFD49D216ABABF2003D02A8 /* cms.h */ = {isa = PBXFileReference; fileEncoding = 4; lastKnownFileType = sourcecode.c.h; path = cms.h; sourceTree = "<group>"; };
		AFFD49D316ABABF2003D02A8 /* comp.h */ = {isa = PBXFileReference; fileEncoding = 4; lastKnownFileType = sourcecode.c.h; path = comp.h; sourceTree = "<group>"; };
		AFFD49D416ABABF2003D02A8 /* conf.h */ = {isa = PBXFileReference; fileEncoding = 4; lastKnownFileType = sourcecode.c.h; path = conf.h; sourceTree = "<group>"; };
		AFFD49D516ABABF2003D02A8 /* conf_api.h */ = {isa = PBXFileReference; fileEncoding = 4; lastKnownFileType = sourcecode.c.h; path = conf_api.h; sourceTree = "<group>"; };
		AFFD49D616ABABF2003D02A8 /* crypto.h */ = {isa = PBXFileReference; fileEncoding = 4; lastKnownFileType = sourcecode.c.h; path = crypto.h; sourceTree = "<group>"; };
		AFFD49D716ABABF2003D02A8 /* des.h */ = {isa = PBXFileReference; fileEncoding = 4; lastKnownFileType = sourcecode.c.h; path = des.h; sourceTree = "<group>"; };
		AFFD49D816ABABF2003D02A8 /* des_old.h */ = {isa = PBXFileReference; fileEncoding = 4; lastKnownFileType = sourcecode.c.h; path = des_old.h; sourceTree = "<group>"; };
		AFFD49D916ABABF2003D02A8 /* dh.h */ = {isa = PBXFileReference; fileEncoding = 4; lastKnownFileType = sourcecode.c.h; path = dh.h; sourceTree = "<group>"; };
		AFFD49DA16ABABF2003D02A8 /* dsa.h */ = {isa = PBXFileReference; fileEncoding = 4; lastKnownFileType = sourcecode.c.h; path = dsa.h; sourceTree = "<group>"; };
		AFFD49DB16ABABF2003D02A8 /* dso.h */ = {isa = PBXFileReference; fileEncoding = 4; lastKnownFileType = sourcecode.c.h; path = dso.h; sourceTree = "<group>"; };
		AFFD49DC16ABABF2003D02A8 /* dtls1.h */ = {isa = PBXFileReference; fileEncoding = 4; lastKnownFileType = sourcecode.c.h; path = dtls1.h; sourceTree = "<group>"; };
		AFFD49DD16ABABF2003D02A8 /* e_os2.h */ = {isa = PBXFileReference; fileEncoding = 4; lastKnownFileType = sourcecode.c.h; path = e_os2.h; sourceTree = "<group>"; };
		AFFD49DE16ABABF2003D02A8 /* ebcdic.h */ = {isa = PBXFileReference; fileEncoding = 4; lastKnownFileType = sourcecode.c.h; path = ebcdic.h; sourceTree = "<group>"; };
		AFFD49DF16ABABF2003D02A8 /* ec.h */ = {isa = PBXFileReference; fileEncoding = 4; lastKnownFileType = sourcecode.c.h; path = ec.h; sourceTree = "<group>"; };
		AFFD49E016ABABF2003D02A8 /* ecdh.h */ = {isa = PBXFileReference; fileEncoding = 4; lastKnownFileType = sourcecode.c.h; path = ecdh.h; sourceTree = "<group>"; };
		AFFD49E116ABABF2003D02A8 /* ecdsa.h */ = {isa = PBXFileReference; fileEncoding = 4; lastKnownFileType = sourcecode.c.h; path = ecdsa.h; sourceTree = "<group>"; };
		AFFD49E216ABABF2003D02A8 /* engine.h */ = {isa = PBXFileReference; fileEncoding = 4; lastKnownFileType = sourcecode.c.h; path = engine.h; sourceTree = "<group>"; };
		AFFD49E316ABABF2003D02A8 /* err.h */ = {isa = PBXFileReference; fileEncoding = 4; lastKnownFileType = sourcecode.c.h; path = err.h; sourceTree = "<group>"; };
		AFFD49E416ABABF2003D02A8 /* evp.h */ = {isa = PBXFileReference; fileEncoding = 4; lastKnownFileType = sourcecode.c.h; path = evp.h; sourceTree = "<group>"; };
		AFFD49E516ABABF2003D02A8 /* hmac.h */ = {isa = PBXFileReference; fileEncoding = 4; lastKnownFileType = sourcecode.c.h; path = hmac.h; sourceTree = "<group>"; };
		AFFD49E616ABABF2003D02A8 /* idea.h */ = {isa = PBXFileReference; fileEncoding = 4; lastKnownFileType = sourcecode.c.h; path = idea.h; sourceTree = "<group>"; };
		AFFD49E716ABABF2003D02A8 /* krb5_asn.h */ = {isa = PBXFileReference; fileEncoding = 4; lastKnownFileType = sourcecode.c.h; path = krb5_asn.h; sourceTree = "<group>"; };
		AFFD49E816ABABF2003D02A8 /* kssl.h */ = {isa = PBXFileReference; fileEncoding = 4; lastKnownFileType = sourcecode.c.h; path = kssl.h; sourceTree = "<group>"; };
		AFFD49E916ABABF2003D02A8 /* lhash.h */ = {isa = PBXFileReference; fileEncoding = 4; lastKnownFileType = sourcecode.c.h; path = lhash.h; sourceTree = "<group>"; };
		AFFD49EA16ABABF2003D02A8 /* md4.h */ = {isa = PBXFileReference; fileEncoding = 4; lastKnownFileType = sourcecode.c.h; path = md4.h; sourceTree = "<group>"; };
		AFFD49EB16ABABF2003D02A8 /* md5.h */ = {isa = PBXFileReference; fileEncoding = 4; lastKnownFileType = sourcecode.c.h; path = md5.h; sourceTree = "<group>"; };
		AFFD49EC16ABABF2003D02A8 /* mdc2.h */ = {isa = PBXFileReference; fileEncoding = 4; lastKnownFileType = sourcecode.c.h; path = mdc2.h; sourceTree = "<group>"; };
		AFFD49ED16ABABF2003D02A8 /* modes.h */ = {isa = PBXFileReference; fileEncoding = 4; lastKnownFileType = sourcecode.c.h; path = modes.h; sourceTree = "<group>"; };
		AFFD49EE16ABABF2003D02A8 /* obj_mac.h */ = {isa = PBXFileReference; fileEncoding = 4; lastKnownFileType = sourcecode.c.h; path = obj_mac.h; sourceTree = "<group>"; };
		AFFD49EF16ABABF2003D02A8 /* objects.h */ = {isa = PBXFileReference; fileEncoding = 4; lastKnownFileType = sourcecode.c.h; path = objects.h; sourceTree = "<group>"; };
		AFFD49F016ABABF2003D02A8 /* ocsp.h */ = {isa = PBXFileReference; fileEncoding = 4; lastKnownFileType = sourcecode.c.h; path = ocsp.h; sourceTree = "<group>"; };
		AFFD49F116ABABF2003D02A8 /* opensslconf.h */ = {isa = PBXFileReference; fileEncoding = 4; lastKnownFileType = sourcecode.c.h; path = opensslconf.h; sourceTree = "<group>"; };
		AFFD49F216ABABF2003D02A8 /* opensslv.h */ = {isa = PBXFileReference; fileEncoding = 4; lastKnownFileType = sourcecode.c.h; path = opensslv.h; sourceTree = "<group>"; };
		AFFD49F316ABABF2003D02A8 /* ossl_typ.h */ = {isa = PBXFileReference; fileEncoding = 4; lastKnownFileType = sourcecode.c.h; path = ossl_typ.h; sourceTree = "<group>"; };
		AFFD49F416ABABF2003D02A8 /* pem.h */ = {isa = PBXFileReference; fileEncoding = 4; lastKnownFileType = sourcecode.c.h; path = pem.h; sourceTree = "<group>"; };
		AFFD49F516ABABF2003D02A8 /* pem2.h */ = {isa = PBXFileReference; fileEncoding = 4; lastKnownFileType = sourcecode.c.h; path = pem2.h; sourceTree = "<group>"; };
		AFFD49F616ABABF2003D02A8 /* pkcs12.h */ = {isa = PBXFileReference; fileEncoding = 4; lastKnownFileType = sourcecode.c.h; path = pkcs12.h; sourceTree = "<group>"; };
		AFFD49F716ABABF2003D02A8 /* pkcs7.h */ = {isa = PBXFileReference; fileEncoding = 4; lastKnownFileType = sourcecode.c.h; path = pkcs7.h; sourceTree = "<group>"; };
		AFFD49F816ABABF2003D02A8 /* pqueue.h */ = {isa = PBXFileReference; fileEncoding = 4; lastKnownFileType = sourcecode.c.h; path = pqueue.h; sourceTree = "<group>"; };
		AFFD49F916ABABF2003D02A8 /* rand.h */ = {isa = PBXFileReference; fileEncoding = 4; lastKnownFileType = sourcecode.c.h; path = rand.h; sourceTree = "<group>"; };
		AFFD49FA16ABABF2003D02A8 /* rc2.h */ = {isa = PBXFileReference; fileEncoding = 4; lastKnownFileType = sourcecode.c.h; path = rc2.h; sourceTree = "<group>"; };
		AFFD49FB16ABABF2003D02A8 /* rc4.h */ = {isa = PBXFileReference; fileEncoding = 4; lastKnownFileType = sourcecode.c.h; path = rc4.h; sourceTree = "<group>"; };
		AFFD49FC16ABABF2003D02A8 /* ripemd.h */ = {isa = PBXFileReference; fileEncoding = 4; lastKnownFileType = sourcecode.c.h; path = ripemd.h; sourceTree = "<group>"; };
		AFFD49FD16ABABF2003D02A8 /* rsa.h */ = {isa = PBXFileReference; fileEncoding = 4; lastKnownFileType = sourcecode.c.h; path = rsa.h; sourceTree = "<group>"; };
		AFFD49FE16ABABF2003D02A8 /* safestack.h */ = {isa = PBXFileReference; fileEncoding = 4; lastKnownFileType = sourcecode.c.h; path = safestack.h; sourceTree = "<group>"; };
		AFFD49FF16ABABF2003D02A8 /* seed.h */ = {isa = PBXFileReference; fileEncoding = 4; lastKnownFileType = sourcecode.c.h; path = seed.h; sourceTree = "<group>"; };
		AFFD4A0016ABABF2003D02A8 /* sha.h */ = {isa = PBXFileReference; fileEncoding = 4; lastKnownFileType = sourcecode.c.h; path = sha.h; sourceTree = "<group>"; };
		AFFD4A0116ABABF2003D02A8 /* srp.h */ = {isa = PBXFileReference; fileEncoding = 4; lastKnownFileType = sourcecode.c.h; path = srp.h; sourceTree = "<group>"; };
		AFFD4A0216ABABF2003D02A8 /* srtp.h */ = {isa = PBXFileReference; fileEncoding = 4; lastKnownFileType = sourcecode.c.h; path = srtp.h; sourceTree = "<group>"; };
		AFFD4A0316ABABF2003D02A8 /* ssl.h */ = {isa = PBXFileReference; fileEncoding = 4; lastKnownFileType = sourcecode.c.h; path = ssl.h; sourceTree = "<group>"; };
		AFFD4A0416ABABF2003D02A8 /* ssl2.h */ = {isa = PBXFileReference; fileEncoding = 4; lastKnownFileType = sourcecode.c.h; path = ssl2.h; sourceTree = "<group>"; };
		AFFD4A0516ABABF2003D02A8 /* ssl23.h */ = {isa = PBXFileReference; fileEncoding = 4; lastKnownFileType = sourcecode.c.h; path = ssl23.h; sourceTree = "<group>"; };
		AFFD4A0616ABABF2003D02A8 /* ssl3.h */ = {isa = PBXFileReference; fileEncoding = 4; lastKnownFileType = sourcecode.c.h; path = ssl3.h; sourceTree = "<group>"; };
		AFFD4A0716ABABF2003D02A8 /* stack.h */ = {isa = PBXFileReference; fileEncoding = 4; lastKnownFileType = sourcecode.c.h; path = stack.h; sourceTree = "<group>"; };
		AFFD4A0816ABABF2003D02A8 /* symhacks.h */ = {isa = PBXFileReference; fileEncoding = 4; lastKnownFileType = sourcecode.c.h; path = symhacks.h; sourceTree = "<group>"; };
		AFFD4A0916ABABF2003D02A8 /* tls1.h */ = {isa = PBXFileReference; fileEncoding = 4; lastKnownFileType = sourcecode.c.h; path = tls1.h; sourceTree = "<group>"; };
		AFFD4A0A16ABABF2003D02A8 /* ts.h */ = {isa = PBXFileReference; fileEncoding = 4; lastKnownFileType = sourcecode.c.h; path = ts.h; sourceTree = "<group>"; };
		AFFD4A0B16ABABF2003D02A8 /* txt_db.h */ = {isa = PBXFileReference; fileEncoding = 4; lastKnownFileType = sourcecode.c.h; path = txt_db.h; sourceTree = "<group>"; };
		AFFD4A0C16ABABF2003D02A8 /* ui.h */ = {isa = PBXFileReference; fileEncoding = 4; lastKnownFileType = sourcecode.c.h; path = ui.h; sourceTree = "<group>"; };
		AFFD4A0D16ABABF2003D02A8 /* ui_compat.h */ = {isa = PBXFileReference; fileEncoding = 4; lastKnownFileType = sourcecode.c.h; path = ui_compat.h; sourceTree = "<group>"; };
		AFFD4A0E16ABABF2003D02A8 /* whrlpool.h */ = {isa = PBXFileReference; fileEncoding = 4; lastKnownFileType = sourcecode.c.h; path = whrlpool.h; sourceTree = "<group>"; };
		AFFD4A0F16ABABF2003D02A8 /* x509.h */ = {isa = PBXFileReference; fileEncoding = 4; lastKnownFileType = sourcecode.c.h; path = x509.h; sourceTree = "<group>"; };
		AFFD4A1016ABABF2003D02A8 /* x509_vfy.h */ = {isa = PBXFileReference; fileEncoding = 4; lastKnownFileType = sourcecode.c.h; path = x509_vfy.h; sourceTree = "<group>"; };
		AFFD4A1116ABABF2003D02A8 /* x509v3.h */ = {isa = PBXFileReference; fileEncoding = 4; lastKnownFileType = sourcecode.c.h; path = x509v3.h; sourceTree = "<group>"; };
		AFFD4A1416ABABF2003D02A8 /* libcrypto.a */ = {isa = PBXFileReference; lastKnownFileType = archive.ar; path = libcrypto.a; sourceTree = "<group>"; };
		AFFD4A1516ABABF2003D02A8 /* libssl.a */ = {isa = PBXFileReference; lastKnownFileType = archive.ar; path = libssl.a; sourceTree = "<group>"; };
		AFFD4A1A16ABABF2003D02A8 /* ofxOAuth.cpp */ = {isa = PBXFileReference; fileEncoding = 4; lastKnownFileType = sourcecode.cpp.cpp; path = ofxOAuth.cpp; sourceTree = "<group>"; };
		AFFD4A1B16ABABF2003D02A8 /* ofxOAuth.h */ = {isa = PBXFileReference; fileEncoding = 4; lastKnownFileType = sourcecode.c.h; path = ofxOAuth.h; sourceTree = "<group>"; };
		AFFD4A1C16ABABF2003D02A8 /* ofxOAuthVerifierCallbackInterface.h */ = {isa = PBXFileReference; fileEncoding = 4; lastKnownFileType = sourcecode.c.h; path = ofxOAuthVerifierCallbackInterface.h; sourceTree = "<group>"; };
		AFFD4A1D16ABABF2003D02A8 /* ofxOAuthVerifierCallbackServer.h */ = {isa = PBXFileReference; fileEncoding = 4; lastKnownFileType = sourcecode.c.h; path = ofxOAuthVerifierCallbackServer.h; sourceTree = "<group>"; };
		AFFD4A2016ABABF2003D02A8 /* tinyxml.cpp */ = {isa = PBXFileReference; fileEncoding = 4; lastKnownFileType = sourcecode.cpp.cpp; path = tinyxml.cpp; sourceTree = "<group>"; };
		AFFD4A2116ABABF2003D02A8 /* tinyxml.h */ = {isa = PBXFileReference; fileEncoding = 4; lastKnownFileType = sourcecode.c.h; path = tinyxml.h; sourceTree = "<group>"; };
		AFFD4A2216ABABF2003D02A8 /* tinyxmlerror.cpp */ = {isa = PBXFileReference; fileEncoding = 4; lastKnownFileType = sourcecode.cpp.cpp; path = tinyxmlerror.cpp; sourceTree = "<group>"; };
		AFFD4A2316ABABF2003D02A8 /* tinyxmlparser.cpp */ = {isa = PBXFileReference; fileEncoding = 4; lastKnownFileType = sourcecode.cpp.cpp; path = tinyxmlparser.cpp; sourceTree = "<group>"; };
		AFFD4A2516ABABF2003D02A8 /* ofxXmlSettings.cpp */ = {isa = PBXFileReference; fileEncoding = 4; lastKnownFileType = sourcecode.cpp.cpp; path = ofxXmlSettings.cpp; sourceTree = "<group>"; };
		AFFD4A2616ABABF2003D02A8 /* ofxXmlSettings.h */ = {isa = PBXFileReference; fileEncoding = 4; lastKnownFileType = sourcecode.c.h; path = ofxXmlSettings.h; sourceTree = "<group>"; };
		AFFD4A9C16ABACFD003D02A8 /* dump.c */ = {isa = PBXFileReference; fileEncoding = 4; lastKnownFileType = sourcecode.c.c; path = dump.c; sourceTree = "<group>"; };
		AFFD4A9D16ABACFD003D02A8 /* error.c */ = {isa = PBXFileReference; fileEncoding = 4; lastKnownFileType = sourcecode.c.c; path = error.c; sourceTree = "<group>"; };
		AFFD4A9E16ABACFD003D02A8 /* hashtable.c */ = {isa = PBXFileReference; fileEncoding = 4; lastKnownFileType = sourcecode.c.c; path = hashtable.c; sourceTree = "<group>"; };
		AFFD4A9F16ABACFD003D02A8 /* hashtable.h */ = {isa = PBXFileReference; fileEncoding = 4; lastKnownFileType = sourcecode.c.h; path = hashtable.h; sourceTree = "<group>"; };
		AFFD4AA016ABACFD003D02A8 /* jansson.h */ = {isa = PBXFileReference; fileEncoding = 4; lastKnownFileType = sourcecode.c.h; path = jansson.h; sourceTree = "<group>"; };
		AFFD4AA116ABACFD003D02A8 /* jansson_config.h */ = {isa = PBXFileReference; fileEncoding = 4; lastKnownFileType = sourcecode.c.h; path = jansson_config.h; sourceTree = "<group>"; };
		AFFD4AA216ABACFD003D02A8 /* jansson_private.h */ = {isa = PBXFileReference; fileEncoding = 4; lastKnownFileType = sourcecode.c.h; path = jansson_private.h; sourceTree = "<group>"; };
		AFFD4AA316ABACFD003D02A8 /* load.c */ = {isa = PBXFileReference; fileEncoding = 4; lastKnownFileType = sourcecode.c.c; path = load.c; sourceTree = "<group>"; };
		AFFD4AA416ABACFD003D02A8 /* memory.c */ = {isa = PBXFileReference; fileEncoding = 4; lastKnownFileType = sourcecode.c.c; path = memory.c; sourceTree = "<group>"; };
		AFFD4AA516ABACFD003D02A8 /* pack_unpack.c */ = {isa = PBXFileReference; fileEncoding = 4; lastKnownFileType = sourcecode.c.c; path = pack_unpack.c; sourceTree = "<group>"; };
		AFFD4AA616ABACFD003D02A8 /* strbuffer.c */ = {isa = PBXFileReference; fileEncoding = 4; lastKnownFileType = sourcecode.c.c; path = strbuffer.c; sourceTree = "<group>"; };
		AFFD4AA716ABACFD003D02A8 /* strbuffer.h */ = {isa = PBXFileReference; fileEncoding = 4; lastKnownFileType = sourcecode.c.h; path = strbuffer.h; sourceTree = "<group>"; };
		AFFD4AA816ABACFD003D02A8 /* utf.c */ = {isa = PBXFileReference; fileEncoding = 4; lastKnownFileType = sourcecode.c.c; path = utf.c; sourceTree = "<group>"; };
		AFFD4AA916ABACFD003D02A8 /* utf.h */ = {isa = PBXFileReference; fileEncoding = 4; lastKnownFileType = sourcecode.c.h; path = utf.h; sourceTree = "<group>"; };
		AFFD4AAA16ABACFD003D02A8 /* value.c */ = {isa = PBXFileReference; fileEncoding = 4; lastKnownFileType = sourcecode.c.c; path = value.c; sourceTree = "<group>"; };
		AFFD4AAC16ABACFD003D02A8 /* modp_b64.c */ = {isa = PBXFileReference; fileEncoding = 4; lastKnownFileType = sourcecode.c.c; path = modp_b64.c; sourceTree = "<group>"; };
		AFFD4AAD16ABACFD003D02A8 /* modp_b64.h */ = {isa = PBXFileReference; fileEncoding = 4; lastKnownFileType = sourcecode.c.h; path = modp_b64.h; sourceTree = "<group>"; };
		AFFD4AAE16ABACFD003D02A8 /* modp_b64_data.h */ = {isa = PBXFileReference; fileEncoding = 4; lastKnownFileType = sourcecode.c.h; path = modp_b64_data.h; sourceTree = "<group>"; };
		AFFD4AE516AC8D95003D02A8 /* ofxBaseTwitterApi.cpp */ = {isa = PBXFileReference; fileEncoding = 4; lastKnownFileType = sourcecode.cpp.cpp; path = ofxBaseTwitterApi.cpp; sourceTree = "<group>"; };
		BBAB23BE13894E4700AA2426 /* GLUT.framework */ = {isa = PBXFileReference; lastKnownFileType = wrapper.framework; name = GLUT.framework; path = ../../../libs/glut/lib/osx/GLUT.framework; sourceTree = "<group>"; };
		E4328143138ABC890047C5CB /* openFrameworksLib.xcodeproj */ = {isa = PBXFileReference; lastKnownFileType = "wrapper.pb-project"; name = openFrameworksLib.xcodeproj; path = ../../../libs/openFrameworksCompiled/project/osx/openFrameworksLib.xcodeproj; sourceTree = SOURCE_ROOT; };
		E45BE9710E8CC7DD009D7055 /* AGL.framework */ = {isa = PBXFileReference; lastKnownFileType = wrapper.framework; name = AGL.framework; path = /System/Library/Frameworks/AGL.framework; sourceTree = "<absolute>"; };
		E45BE9720E8CC7DD009D7055 /* ApplicationServices.framework */ = {isa = PBXFileReference; lastKnownFileType = wrapper.framework; name = ApplicationServices.framework; path = /System/Library/Frameworks/ApplicationServices.framework; sourceTree = "<absolute>"; };
		E45BE9730E8CC7DD009D7055 /* AudioToolbox.framework */ = {isa = PBXFileReference; lastKnownFileType = wrapper.framework; name = AudioToolbox.framework; path = /System/Library/Frameworks/AudioToolbox.framework; sourceTree = "<absolute>"; };
		E45BE9740E8CC7DD009D7055 /* Carbon.framework */ = {isa = PBXFileReference; lastKnownFileType = wrapper.framework; name = Carbon.framework; path = /System/Library/Frameworks/Carbon.framework; sourceTree = "<absolute>"; };
		E45BE9750E8CC7DD009D7055 /* CoreAudio.framework */ = {isa = PBXFileReference; lastKnownFileType = wrapper.framework; name = CoreAudio.framework; path = /System/Library/Frameworks/CoreAudio.framework; sourceTree = "<absolute>"; };
		E45BE9760E8CC7DD009D7055 /* CoreFoundation.framework */ = {isa = PBXFileReference; lastKnownFileType = wrapper.framework; name = CoreFoundation.framework; path = /System/Library/Frameworks/CoreFoundation.framework; sourceTree = "<absolute>"; };
		E45BE9770E8CC7DD009D7055 /* CoreServices.framework */ = {isa = PBXFileReference; lastKnownFileType = wrapper.framework; name = CoreServices.framework; path = /System/Library/Frameworks/CoreServices.framework; sourceTree = "<absolute>"; };
		E45BE9790E8CC7DD009D7055 /* OpenGL.framework */ = {isa = PBXFileReference; lastKnownFileType = wrapper.framework; name = OpenGL.framework; path = /System/Library/Frameworks/OpenGL.framework; sourceTree = "<absolute>"; };
		E45BE97A0E8CC7DD009D7055 /* QuickTime.framework */ = {isa = PBXFileReference; lastKnownFileType = wrapper.framework; name = QuickTime.framework; path = /System/Library/Frameworks/QuickTime.framework; sourceTree = "<absolute>"; };
		E4B69E1D0A3A1BDC003C02F2 /* main.cpp */ = {isa = PBXFileReference; fileEncoding = 30; lastKnownFileType = sourcecode.cpp.cpp; name = main.cpp; path = src/main.cpp; sourceTree = SOURCE_ROOT; };
		E4B69E1E0A3A1BDC003C02F2 /* testApp.cpp */ = {isa = PBXFileReference; explicitFileType = sourcecode.cpp.cpp; fileEncoding = 30; name = testApp.cpp; path = src/testApp.cpp; sourceTree = SOURCE_ROOT; };
		E4B69E1F0A3A1BDC003C02F2 /* testApp.h */ = {isa = PBXFileReference; fileEncoding = 30; lastKnownFileType = sourcecode.c.h; name = testApp.h; path = src/testApp.h; sourceTree = SOURCE_ROOT; };
		E4B6FCAD0C3E899E008CF71C /* openFrameworks-Info.plist */ = {isa = PBXFileReference; fileEncoding = 30; lastKnownFileType = text.plist.xml; path = "openFrameworks-Info.plist"; sourceTree = "<group>"; };
		E4C2424410CC5A17004149E2 /* AppKit.framework */ = {isa = PBXFileReference; lastKnownFileType = wrapper.framework; name = AppKit.framework; path = /System/Library/Frameworks/AppKit.framework; sourceTree = "<absolute>"; };
		E4C2424510CC5A17004149E2 /* Cocoa.framework */ = {isa = PBXFileReference; lastKnownFileType = wrapper.framework; name = Cocoa.framework; path = /System/Library/Frameworks/Cocoa.framework; sourceTree = "<absolute>"; };
		E4C2424610CC5A17004149E2 /* IOKit.framework */ = {isa = PBXFileReference; lastKnownFileType = wrapper.framework; name = IOKit.framework; path = /System/Library/Frameworks/IOKit.framework; sourceTree = "<absolute>"; };
		E4EB691F138AFCF100A09F29 /* CoreOF.xcconfig */ = {isa = PBXFileReference; fileEncoding = 4; lastKnownFileType = text.xcconfig; name = CoreOF.xcconfig; path = ../../../libs/openFrameworksCompiled/project/osx/CoreOF.xcconfig; sourceTree = SOURCE_ROOT; };
		E4EB6923138AFD0F00A09F29 /* Project.xcconfig */ = {isa = PBXFileReference; fileEncoding = 4; lastKnownFileType = text.xcconfig; path = Project.xcconfig; sourceTree = "<group>"; };
		E7E077E415D3B63C0020DFD4 /* CoreVideo.framework */ = {isa = PBXFileReference; lastKnownFileType = wrapper.framework; name = CoreVideo.framework; path = /System/Library/Frameworks/CoreVideo.framework; sourceTree = "<absolute>"; };
		E7E077E715D3B6510020DFD4 /* QTKit.framework */ = {isa = PBXFileReference; lastKnownFileType = wrapper.framework; name = QTKit.framework; path = /System/Library/Frameworks/QTKit.framework; sourceTree = "<absolute>"; };
		E7F985F515E0DE99003869B5 /* Accelerate.framework */ = {isa = PBXFileReference; lastKnownFileType = wrapper.framework; name = Accelerate.framework; path = /System/Library/Frameworks/Accelerate.framework; sourceTree = "<absolute>"; };
/* End PBXFileReference section */

/* Begin PBXFrameworksBuildPhase section */
		E4B69B590A3A1756003C02F2 /* Frameworks */ = {
			isa = PBXFrameworksBuildPhase;
			buildActionMask = 2147483647;
			files = (
				E7F985F815E0DEA3003869B5 /* Accelerate.framework in Frameworks */,
				E7E077E815D3B6510020DFD4 /* QTKit.framework in Frameworks */,
				E4EB6799138ADC1D00A09F29 /* GLUT.framework in Frameworks */,
				E4328149138ABC9F0047C5CB /* openFrameworksDebug.a in Frameworks */,
				E45BE97B0E8CC7DD009D7055 /* AGL.framework in Frameworks */,
				E45BE97C0E8CC7DD009D7055 /* ApplicationServices.framework in Frameworks */,
				E45BE97D0E8CC7DD009D7055 /* AudioToolbox.framework in Frameworks */,
				E45BE97E0E8CC7DD009D7055 /* Carbon.framework in Frameworks */,
				E45BE97F0E8CC7DD009D7055 /* CoreAudio.framework in Frameworks */,
				E45BE9800E8CC7DD009D7055 /* CoreFoundation.framework in Frameworks */,
				E45BE9810E8CC7DD009D7055 /* CoreServices.framework in Frameworks */,
				E45BE9830E8CC7DD009D7055 /* OpenGL.framework in Frameworks */,
				E45BE9840E8CC7DD009D7055 /* QuickTime.framework in Frameworks */,
				E4C2424710CC5A17004149E2 /* AppKit.framework in Frameworks */,
				E4C2424810CC5A17004149E2 /* Cocoa.framework in Frameworks */,
				E4C2424910CC5A17004149E2 /* IOKit.framework in Frameworks */,
				E7E077E515D3B63C0020DFD4 /* CoreVideo.framework in Frameworks */,
				AFFD4A4A16ABABF2003D02A8 /* libcurl.a in Frameworks */,
				AFFD4A4B16ABABF2003D02A8 /* liboauth.a in Frameworks */,
				AFFD4A4C16ABABF2003D02A8 /* libcrypto.a in Frameworks */,
				AFFD4A4D16ABABF2003D02A8 /* libssl.a in Frameworks */,
			);
			runOnlyForDeploymentPostprocessing = 0;
		};
/* End PBXFrameworksBuildPhase section */

/* Begin PBXGroup section */
		AF7F63DF16AF8C370004327D /* ofxUI */ = {
			isa = PBXGroup;
			children = (
				AF7F655616AF8C380004327D /* src */,
			);
			name = ofxUI;
			path = ../../../addons/ofxUI;
			sourceTree = "<group>";
		};
		AF7F655616AF8C380004327D /* src */ = {
			isa = PBXGroup;
			children = (
				AF7F655716AF8C380004327D /* ofxUI.h */,
				AF7F655816AF8C380004327D /* ofxUI2DPad.h */,
				AF7F655916AF8C380004327D /* ofxUIBaseDraws.h */,
				AF7F655A16AF8C380004327D /* ofxUIBiLabelSlider.h */,
				AF7F655B16AF8C380004327D /* ofxUIButton.h */,
				AF7F655C16AF8C380004327D /* ofxUICanvas.h */,
				AF7F655D16AF8C380004327D /* ofxUICircleSlider.h */,
				AF7F655E16AF8C380004327D /* ofxUICustomImageButton.h */,
				AF7F655F16AF8C380004327D /* ofxUIDropDownList.h */,
				AF7F656016AF8C380004327D /* ofxUIEventArgs.h */,
				AF7F656116AF8C380004327D /* ofxUIFPS.h */,
				AF7F656216AF8C380004327D /* ofxUIFPSSlider.h */,
				AF7F656316AF8C380004327D /* ofxUIImage.h */,
				AF7F656416AF8C380004327D /* ofxUIImageButton.h */,
				AF7F656516AF8C380004327D /* ofxUIImageSampler.h */,
				AF7F656616AF8C380004327D /* ofxUIImageSlider.h */,
				AF7F656716AF8C380004327D /* ofxUIImageToggle.h */,
				AF7F656816AF8C380004327D /* ofxUILabel.h */,
				AF7F656916AF8C380004327D /* ofxUILabelButton.h */,
				AF7F656A16AF8C380004327D /* ofxUILabelToggle.h */,
				AF7F656B16AF8C380004327D /* ofxUIMinimalSlider.h */,
				AF7F656C16AF8C380004327D /* ofxUIMovingGraph.h */,
				AF7F656D16AF8C380004327D /* ofxUIMultiImageButton.h */,
				AF7F656E16AF8C380004327D /* ofxUIMultiImageSlider.h */,
				AF7F656F16AF8C380004327D /* ofxUIMultiImageToggle.h */,
				AF7F657016AF8C380004327D /* ofxUINumberDialer.h */,
				AF7F657116AF8C380004327D /* ofxUIRadio.h */,
				AF7F657216AF8C380004327D /* ofxUIRangeSlider.h */,
				AF7F657316AF8C380004327D /* ofxUIRectangle.h */,
				AF7F657416AF8C380004327D /* ofxUIRotarySlider.h */,
				AF7F657516AF8C380004327D /* ofxUIScrollableCanvas.h */,
				AF7F657616AF8C380004327D /* ofxUISlider.h */,
				AF7F657716AF8C380004327D /* ofxUISpacer.h */,
				AF7F657816AF8C380004327D /* ofxUISpectrum.h */,
				AF7F657916AF8C380004327D /* ofxUITextArea.h */,
				AF7F657A16AF8C380004327D /* ofxUITextInput.h */,
				AF7F657B16AF8C380004327D /* ofxUIToggle.h */,
				AF7F657C16AF8C380004327D /* ofxUIToggleMatrix.h */,
				AF7F657D16AF8C380004327D /* ofxUIWaveform.h */,
				AF7F657E16AF8C380004327D /* ofxUIWidget.h */,
				AF7F657F16AF8C380004327D /* ofxUIWidgetWithLabel.h */,
			);
			path = src;
			sourceTree = "<group>";
		};
		AF7F663016B0E3F70004327D /* ofxOsc */ = {
			isa = PBXGroup;
			children = (
				AF7F663216B0E3F70004327D /* libs */,
				AF7F664F16B0E3F70004327D /* src */,
			);
			name = ofxOsc;
			path = ../../../addons/ofxOsc;
			sourceTree = "<group>";
		};
		AF7F663216B0E3F70004327D /* libs */ = {
			isa = PBXGroup;
			children = (
				AF7F663316B0E3F70004327D /* oscpack */,
			);
			path = libs;
			sourceTree = "<group>";
		};
		AF7F663316B0E3F70004327D /* oscpack */ = {
			isa = PBXGroup;
			children = (
				AF7F663416B0E3F70004327D /* src */,
			);
			path = oscpack;
			sourceTree = "<group>";
		};
		AF7F663416B0E3F70004327D /* src */ = {
			isa = PBXGroup;
			children = (
				AF7F663516B0E3F70004327D /* ip */,
				AF7F664216B0E3F70004327D /* osc */,
			);
			path = src;
			sourceTree = "<group>";
		};
		AF7F663516B0E3F70004327D /* ip */ = {
			isa = PBXGroup;
			children = (
				AF7F663616B0E3F70004327D /* IpEndpointName.cpp */,
				AF7F663716B0E3F70004327D /* IpEndpointName.h */,
				AF7F663816B0E3F70004327D /* NetworkingUtils.h */,
				AF7F663916B0E3F70004327D /* PacketListener.h */,
				AF7F663A16B0E3F70004327D /* posix */,
				AF7F663D16B0E3F70004327D /* TimerListener.h */,
				AF7F663E16B0E3F70004327D /* UdpSocket.h */,
			);
			path = ip;
			sourceTree = "<group>";
		};
		AF7F663A16B0E3F70004327D /* posix */ = {
			isa = PBXGroup;
			children = (
				AF7F663B16B0E3F70004327D /* NetworkingUtils.cpp */,
				AF7F663C16B0E3F70004327D /* UdpSocket.cpp */,
			);
			path = posix;
			sourceTree = "<group>";
		};
		AF7F664216B0E3F70004327D /* osc */ = {
			isa = PBXGroup;
			children = (
				AF7F664316B0E3F70004327D /* MessageMappingOscPacketListener.h */,
				AF7F664416B0E3F70004327D /* OscException.h */,
				AF7F664516B0E3F70004327D /* OscHostEndianness.h */,
				AF7F664616B0E3F70004327D /* OscOutboundPacketStream.cpp */,
				AF7F664716B0E3F70004327D /* OscOutboundPacketStream.h */,
				AF7F664816B0E3F70004327D /* OscPacketListener.h */,
				AF7F664916B0E3F70004327D /* OscPrintReceivedElements.cpp */,
				AF7F664A16B0E3F70004327D /* OscPrintReceivedElements.h */,
				AF7F664B16B0E3F70004327D /* OscReceivedElements.cpp */,
				AF7F664C16B0E3F70004327D /* OscReceivedElements.h */,
				AF7F664D16B0E3F70004327D /* OscTypes.cpp */,
				AF7F664E16B0E3F70004327D /* OscTypes.h */,
			);
			path = osc;
			sourceTree = "<group>";
		};
		AF7F664F16B0E3F70004327D /* src */ = {
			isa = PBXGroup;
			children = (
				AF7F665016B0E3F70004327D /* ofxOsc.h */,
				AF7F665116B0E3F70004327D /* ofxOscArg.h */,
				AF7F665216B0E3F70004327D /* ofxOscBundle.cpp */,
				AF7F665316B0E3F70004327D /* ofxOscBundle.h */,
				AF7F665416B0E3F70004327D /* ofxOscMessage.cpp */,
				AF7F665516B0E3F70004327D /* ofxOscMessage.h */,
				AF7F665616B0E3F70004327D /* ofxOscReceiver.cpp */,
				AF7F665716B0E3F70004327D /* ofxOscReceiver.h */,
				AF7F665816B0E3F70004327D /* ofxOscSender.cpp */,
				AF7F665916B0E3F70004327D /* ofxOscSender.h */,
			);
			path = src;
			sourceTree = "<group>";
		};
		AFFD494B16ABABF2003D02A8 /* ofxOAuth */ = {
			isa = PBXGroup;
			children = (
				AFFD49AE16ABABF2003D02A8 /* libs */,
				AFFD4A1916ABABF2003D02A8 /* src */,
			);
			name = ofxOAuth;
			path = ../../../addons/ofxOAuth;
			sourceTree = "<group>";
		};
		AFFD49AE16ABABF2003D02A8 /* libs */ = {
			isa = PBXGroup;
			children = (
				AFFD49AF16ABABF2003D02A8 /* libcurl */,
				AFFD49BE16ABABF2003D02A8 /* liboauth */,
				AFFD49C416ABABF2003D02A8 /* openssl */,
			);
			path = libs;
			sourceTree = "<group>";
		};
		AFFD49AF16ABABF2003D02A8 /* libcurl */ = {
			isa = PBXGroup;
			children = (
				AFFD49B016ABABF2003D02A8 /* include */,
				AFFD49BB16ABABF2003D02A8 /* lib */,
			);
			path = libcurl;
			sourceTree = "<group>";
		};
		AFFD49B016ABABF2003D02A8 /* include */ = {
			isa = PBXGroup;
			children = (
				AFFD49B116ABABF2003D02A8 /* curl */,
			);
			path = include;
			sourceTree = "<group>";
		};
		AFFD49B116ABABF2003D02A8 /* curl */ = {
			isa = PBXGroup;
			children = (
				AFFD49B216ABABF2003D02A8 /* curl.h */,
				AFFD49B316ABABF2003D02A8 /* curlbuild.h */,
				AFFD49B416ABABF2003D02A8 /* curlrules.h */,
				AFFD49B516ABABF2003D02A8 /* curlver.h */,
				AFFD49B616ABABF2003D02A8 /* easy.h */,
				AFFD49B716ABABF2003D02A8 /* mprintf.h */,
				AFFD49B816ABABF2003D02A8 /* multi.h */,
				AFFD49B916ABABF2003D02A8 /* stdcheaders.h */,
				AFFD49BA16ABABF2003D02A8 /* typecheck-gcc.h */,
			);
			path = curl;
			sourceTree = "<group>";
		};
		AFFD49BB16ABABF2003D02A8 /* lib */ = {
			isa = PBXGroup;
			children = (
				AFFD49BC16ABABF2003D02A8 /* osx */,
			);
			path = lib;
			sourceTree = "<group>";
		};
		AFFD49BC16ABABF2003D02A8 /* osx */ = {
			isa = PBXGroup;
			children = (
				AFFD49BD16ABABF2003D02A8 /* libcurl.a */,
			);
			path = osx;
			sourceTree = "<group>";
		};
		AFFD49BE16ABABF2003D02A8 /* liboauth */ = {
			isa = PBXGroup;
			children = (
				AFFD49BF16ABABF2003D02A8 /* include */,
				AFFD49C116ABABF2003D02A8 /* lib */,
			);
			path = liboauth;
			sourceTree = "<group>";
		};
		AFFD49BF16ABABF2003D02A8 /* include */ = {
			isa = PBXGroup;
			children = (
				AFFD49C016ABABF2003D02A8 /* oauth.h */,
			);
			path = include;
			sourceTree = "<group>";
		};
		AFFD49C116ABABF2003D02A8 /* lib */ = {
			isa = PBXGroup;
			children = (
				AFFD49C216ABABF2003D02A8 /* osx */,
			);
			path = lib;
			sourceTree = "<group>";
		};
		AFFD49C216ABABF2003D02A8 /* osx */ = {
			isa = PBXGroup;
			children = (
				AFFD49C316ABABF2003D02A8 /* liboauth.a */,
			);
			path = osx;
			sourceTree = "<group>";
		};
		AFFD49C416ABABF2003D02A8 /* openssl */ = {
			isa = PBXGroup;
			children = (
				AFFD49C516ABABF2003D02A8 /* include */,
				AFFD4A1216ABABF2003D02A8 /* lib */,
			);
			path = openssl;
			sourceTree = "<group>";
		};
		AFFD49C516ABABF2003D02A8 /* include */ = {
			isa = PBXGroup;
			children = (
				AFFD49C616ABABF2003D02A8 /* openssl */,
			);
			path = include;
			sourceTree = "<group>";
		};
		AFFD49C616ABABF2003D02A8 /* openssl */ = {
			isa = PBXGroup;
			children = (
				AFFD49C716ABABF2003D02A8 /* aes.h */,
				AFFD49C816ABABF2003D02A8 /* asn1.h */,
				AFFD49C916ABABF2003D02A8 /* asn1_mac.h */,
				AFFD49CA16ABABF2003D02A8 /* asn1t.h */,
				AFFD49CB16ABABF2003D02A8 /* bio.h */,
				AFFD49CC16ABABF2003D02A8 /* blowfish.h */,
				AFFD49CD16ABABF2003D02A8 /* bn.h */,
				AFFD49CE16ABABF2003D02A8 /* buffer.h */,
				AFFD49CF16ABABF2003D02A8 /* camellia.h */,
				AFFD49D016ABABF2003D02A8 /* cast.h */,
				AFFD49D116ABABF2003D02A8 /* cmac.h */,
				AFFD49D216ABABF2003D02A8 /* cms.h */,
				AFFD49D316ABABF2003D02A8 /* comp.h */,
				AFFD49D416ABABF2003D02A8 /* conf.h */,
				AFFD49D516ABABF2003D02A8 /* conf_api.h */,
				AFFD49D616ABABF2003D02A8 /* crypto.h */,
				AFFD49D716ABABF2003D02A8 /* des.h */,
				AFFD49D816ABABF2003D02A8 /* des_old.h */,
				AFFD49D916ABABF2003D02A8 /* dh.h */,
				AFFD49DA16ABABF2003D02A8 /* dsa.h */,
				AFFD49DB16ABABF2003D02A8 /* dso.h */,
				AFFD49DC16ABABF2003D02A8 /* dtls1.h */,
				AFFD49DD16ABABF2003D02A8 /* e_os2.h */,
				AFFD49DE16ABABF2003D02A8 /* ebcdic.h */,
				AFFD49DF16ABABF2003D02A8 /* ec.h */,
				AFFD49E016ABABF2003D02A8 /* ecdh.h */,
				AFFD49E116ABABF2003D02A8 /* ecdsa.h */,
				AFFD49E216ABABF2003D02A8 /* engine.h */,
				AFFD49E316ABABF2003D02A8 /* err.h */,
				AFFD49E416ABABF2003D02A8 /* evp.h */,
				AFFD49E516ABABF2003D02A8 /* hmac.h */,
				AFFD49E616ABABF2003D02A8 /* idea.h */,
				AFFD49E716ABABF2003D02A8 /* krb5_asn.h */,
				AFFD49E816ABABF2003D02A8 /* kssl.h */,
				AFFD49E916ABABF2003D02A8 /* lhash.h */,
				AFFD49EA16ABABF2003D02A8 /* md4.h */,
				AFFD49EB16ABABF2003D02A8 /* md5.h */,
				AFFD49EC16ABABF2003D02A8 /* mdc2.h */,
				AFFD49ED16ABABF2003D02A8 /* modes.h */,
				AFFD49EE16ABABF2003D02A8 /* obj_mac.h */,
				AFFD49EF16ABABF2003D02A8 /* objects.h */,
				AFFD49F016ABABF2003D02A8 /* ocsp.h */,
				AFFD49F116ABABF2003D02A8 /* opensslconf.h */,
				AFFD49F216ABABF2003D02A8 /* opensslv.h */,
				AFFD49F316ABABF2003D02A8 /* ossl_typ.h */,
				AFFD49F416ABABF2003D02A8 /* pem.h */,
				AFFD49F516ABABF2003D02A8 /* pem2.h */,
				AFFD49F616ABABF2003D02A8 /* pkcs12.h */,
				AFFD49F716ABABF2003D02A8 /* pkcs7.h */,
				AFFD49F816ABABF2003D02A8 /* pqueue.h */,
				AFFD49F916ABABF2003D02A8 /* rand.h */,
				AFFD49FA16ABABF2003D02A8 /* rc2.h */,
				AFFD49FB16ABABF2003D02A8 /* rc4.h */,
				AFFD49FC16ABABF2003D02A8 /* ripemd.h */,
				AFFD49FD16ABABF2003D02A8 /* rsa.h */,
				AFFD49FE16ABABF2003D02A8 /* safestack.h */,
				AFFD49FF16ABABF2003D02A8 /* seed.h */,
				AFFD4A0016ABABF2003D02A8 /* sha.h */,
				AFFD4A0116ABABF2003D02A8 /* srp.h */,
				AFFD4A0216ABABF2003D02A8 /* srtp.h */,
				AFFD4A0316ABABF2003D02A8 /* ssl.h */,
				AFFD4A0416ABABF2003D02A8 /* ssl2.h */,
				AFFD4A0516ABABF2003D02A8 /* ssl23.h */,
				AFFD4A0616ABABF2003D02A8 /* ssl3.h */,
				AFFD4A0716ABABF2003D02A8 /* stack.h */,
				AFFD4A0816ABABF2003D02A8 /* symhacks.h */,
				AFFD4A0916ABABF2003D02A8 /* tls1.h */,
				AFFD4A0A16ABABF2003D02A8 /* ts.h */,
				AFFD4A0B16ABABF2003D02A8 /* txt_db.h */,
				AFFD4A0C16ABABF2003D02A8 /* ui.h */,
				AFFD4A0D16ABABF2003D02A8 /* ui_compat.h */,
				AFFD4A0E16ABABF2003D02A8 /* whrlpool.h */,
				AFFD4A0F16ABABF2003D02A8 /* x509.h */,
				AFFD4A1016ABABF2003D02A8 /* x509_vfy.h */,
				AFFD4A1116ABABF2003D02A8 /* x509v3.h */,
			);
			path = openssl;
			sourceTree = "<group>";
		};
		AFFD4A1216ABABF2003D02A8 /* lib */ = {
			isa = PBXGroup;
			children = (
				AFFD4A1316ABABF2003D02A8 /* osx */,
			);
			path = lib;
			sourceTree = "<group>";
		};
		AFFD4A1316ABABF2003D02A8 /* osx */ = {
			isa = PBXGroup;
			children = (
				AFFD4A1416ABABF2003D02A8 /* libcrypto.a */,
				AFFD4A1516ABABF2003D02A8 /* libssl.a */,
			);
			path = osx;
			sourceTree = "<group>";
		};
		AFFD4A1916ABABF2003D02A8 /* src */ = {
			isa = PBXGroup;
			children = (
				AFFD4A1A16ABABF2003D02A8 /* ofxOAuth.cpp */,
				AFFD4A1B16ABABF2003D02A8 /* ofxOAuth.h */,
				AFFD4A1C16ABABF2003D02A8 /* ofxOAuthVerifierCallbackInterface.h */,
				AFFD4A1D16ABABF2003D02A8 /* ofxOAuthVerifierCallbackServer.h */,
			);
			path = src;
			sourceTree = "<group>";
		};
		AFFD4A1E16ABABF2003D02A8 /* ofxXmlSettings */ = {
			isa = PBXGroup;
			children = (
				AFFD4A1F16ABABF2003D02A8 /* libs */,
				AFFD4A2416ABABF2003D02A8 /* src */,
			);
			name = ofxXmlSettings;
			path = ../../../addons/ofxXmlSettings;
			sourceTree = "<group>";
		};
		AFFD4A1F16ABABF2003D02A8 /* libs */ = {
			isa = PBXGroup;
			children = (
				AFFD4A2016ABABF2003D02A8 /* tinyxml.cpp */,
				AFFD4A2116ABABF2003D02A8 /* tinyxml.h */,
				AFFD4A2216ABABF2003D02A8 /* tinyxmlerror.cpp */,
				AFFD4A2316ABABF2003D02A8 /* tinyxmlparser.cpp */,
			);
			path = libs;
			sourceTree = "<group>";
		};
		AFFD4A2416ABABF2003D02A8 /* src */ = {
			isa = PBXGroup;
			children = (
				AFFD4A2516ABABF2003D02A8 /* ofxXmlSettings.cpp */,
				AFFD4A2616ABABF2003D02A8 /* ofxXmlSettings.h */,
			);
			path = src;
			sourceTree = "<group>";
		};
		AFFD4A9416ABACFD003D02A8 /* ofxTwitterStream */ = {
			isa = PBXGroup;
			children = (
				AFFD4A9A16ABACFD003D02A8 /* lib */,
			);
			name = ofxTwitterStream;
			path = ../../../addons/ofxTwitterStream;
			sourceTree = "<group>";
		};
		AFFD4A9A16ABACFD003D02A8 /* lib */ = {
			isa = PBXGroup;
			children = (
				AFFD4A9B16ABACFD003D02A8 /* jansson */,
				AFFD4AAB16ABACFD003D02A8 /* stringencoders */,
			);
			path = lib;
			sourceTree = "<group>";
		};
		AFFD4A9B16ABACFD003D02A8 /* jansson */ = {
			isa = PBXGroup;
			children = (
				AFFD4A9C16ABACFD003D02A8 /* dump.c */,
				AFFD4A9D16ABACFD003D02A8 /* error.c */,
				AFFD4A9E16ABACFD003D02A8 /* hashtable.c */,
				AFFD4A9F16ABACFD003D02A8 /* hashtable.h */,
				AFFD4AA016ABACFD003D02A8 /* jansson.h */,
				AFFD4AA116ABACFD003D02A8 /* jansson_config.h */,
				AFFD4AA216ABACFD003D02A8 /* jansson_private.h */,
				AFFD4AA316ABACFD003D02A8 /* load.c */,
				AFFD4AA416ABACFD003D02A8 /* memory.c */,
				AFFD4AA516ABACFD003D02A8 /* pack_unpack.c */,
				AFFD4AA616ABACFD003D02A8 /* strbuffer.c */,
				AFFD4AA716ABACFD003D02A8 /* strbuffer.h */,
				AFFD4AA816ABACFD003D02A8 /* utf.c */,
				AFFD4AA916ABACFD003D02A8 /* utf.h */,
				AFFD4AAA16ABACFD003D02A8 /* value.c */,
			);
			path = jansson;
			sourceTree = "<group>";
		};
		AFFD4AAB16ABACFD003D02A8 /* stringencoders */ = {
			isa = PBXGroup;
			children = (
				AFFD4AAC16ABACFD003D02A8 /* modp_b64.c */,
				AFFD4AAD16ABACFD003D02A8 /* modp_b64.h */,
				AFFD4AAE16ABACFD003D02A8 /* modp_b64_data.h */,
			);
			path = stringencoders;
			sourceTree = "<group>";
		};
		BB4B014C10F69532006C3DED /* addons */ = {
			isa = PBXGroup;
			children = (
				AF7F663016B0E3F70004327D /* ofxOsc */,
				AF7F63DF16AF8C370004327D /* ofxUI */,
				AFFD4A9416ABACFD003D02A8 /* ofxTwitterStream */,
				AFFD494B16ABABF2003D02A8 /* ofxOAuth */,
				AFFD4A1E16ABABF2003D02A8 /* ofxXmlSettings */,
			);
			name = addons;
			sourceTree = "<group>";
		};
		BBAB23C913894ECA00AA2426 /* system frameworks */ = {
			isa = PBXGroup;
			children = (
				E7F985F515E0DE99003869B5 /* Accelerate.framework */,
				E4C2424410CC5A17004149E2 /* AppKit.framework */,
				E4C2424510CC5A17004149E2 /* Cocoa.framework */,
				E4C2424610CC5A17004149E2 /* IOKit.framework */,
				E45BE9710E8CC7DD009D7055 /* AGL.framework */,
				E45BE9720E8CC7DD009D7055 /* ApplicationServices.framework */,
				E45BE9730E8CC7DD009D7055 /* AudioToolbox.framework */,
				E45BE9740E8CC7DD009D7055 /* Carbon.framework */,
				E45BE9750E8CC7DD009D7055 /* CoreAudio.framework */,
				E45BE9760E8CC7DD009D7055 /* CoreFoundation.framework */,
				E45BE9770E8CC7DD009D7055 /* CoreServices.framework */,
				E45BE9790E8CC7DD009D7055 /* OpenGL.framework */,
				E45BE97A0E8CC7DD009D7055 /* QuickTime.framework */,
				E7E077E415D3B63C0020DFD4 /* CoreVideo.framework */,
				E7E077E715D3B6510020DFD4 /* QTKit.framework */,
			);
			name = "system frameworks";
			sourceTree = "<group>";
		};
		BBAB23CA13894EDB00AA2426 /* 3rd party frameworks */ = {
			isa = PBXGroup;
			children = (
				BBAB23BE13894E4700AA2426 /* GLUT.framework */,
			);
			name = "3rd party frameworks";
			sourceTree = "<group>";
		};
		E4328144138ABC890047C5CB /* Products */ = {
			isa = PBXGroup;
			children = (
				E4328148138ABC890047C5CB /* openFrameworksDebug.a */,
			);
			name = Products;
			sourceTree = "<group>";
		};
		E45BE5980E8CC70C009D7055 /* frameworks */ = {
			isa = PBXGroup;
			children = (
				BBAB23CA13894EDB00AA2426 /* 3rd party frameworks */,
				BBAB23C913894ECA00AA2426 /* system frameworks */,
			);
			name = frameworks;
			sourceTree = "<group>";
		};
		E4B69B4A0A3A1720003C02F2 = {
			isa = PBXGroup;
			children = (
				E4B6FCAD0C3E899E008CF71C /* openFrameworks-Info.plist */,
				E4EB6923138AFD0F00A09F29 /* Project.xcconfig */,
				E4B69E1C0A3A1BDC003C02F2 /* src */,
				E4EEC9E9138DF44700A80321 /* openFrameworks */,
				BB4B014C10F69532006C3DED /* addons */,
				E45BE5980E8CC70C009D7055 /* frameworks */,
			);
			sourceTree = "<group>";
		};
		E4B69E1C0A3A1BDC003C02F2 /* src */ = {
			isa = PBXGroup;
			children = (
				AFFD494A16ABABCD003D02A8 /* ofxBaseTwitterApi.h */,
				AFFD4AE516AC8D95003D02A8 /* ofxBaseTwitterApi.cpp */,
				E4B69E1D0A3A1BDC003C02F2 /* main.cpp */,
				E4B69E1E0A3A1BDC003C02F2 /* testApp.cpp */,
				E4B69E1F0A3A1BDC003C02F2 /* testApp.h */,
				AF7F662A16B044A60004327D /* GraphUtils.cpp */,
				AF7F662B16B044A60004327D /* GraphUtils.h */,
				AF7F667516B20DC90004327D /* TextSelectBar.cpp */,
				AF7F667616B20DCA0004327D /* TextSelectBar.h */,
				AF7F66A516B2F94B0004327D /* TextStack.cpp */,
				AF7F66A616B2F94B0004327D /* TextStack.h */,
			);
			path = src;
			sourceTree = SOURCE_ROOT;
		};
		E4EEC9E9138DF44700A80321 /* openFrameworks */ = {
			isa = PBXGroup;
			children = (
				E4EB691F138AFCF100A09F29 /* CoreOF.xcconfig */,
				E4328143138ABC890047C5CB /* openFrameworksLib.xcodeproj */,
			);
			name = openFrameworks;
			sourceTree = "<group>";
		};
/* End PBXGroup section */

/* Begin PBXNativeTarget section */
		E4B69B5A0A3A1756003C02F2 /* AbismoTwitterOF */ = {
			isa = PBXNativeTarget;
			buildConfigurationList = E4B69B5F0A3A1757003C02F2 /* Build configuration list for PBXNativeTarget "AbismoTwitterOF" */;
			buildPhases = (
				E4B69B580A3A1756003C02F2 /* Sources */,
				E4B69B590A3A1756003C02F2 /* Frameworks */,
				E4B6FFFD0C3F9AB9008CF71C /* ShellScript */,
				E4C2427710CC5ABF004149E2 /* CopyFiles */,
			);
			buildRules = (
			);
			dependencies = (
				E4EEB9AC138B136A00A80321 /* PBXTargetDependency */,
			);
			name = AbismoTwitterOF;
			productName = myOFApp;
			productReference = AFA480451696089E00986842 /* AbismoTwitterOF.app */;
			productType = "com.apple.product-type.application";
		};
/* End PBXNativeTarget section */

/* Begin PBXProject section */
		E4B69B4C0A3A1720003C02F2 /* Project object */ = {
			isa = PBXProject;
			buildConfigurationList = E4B69B4D0A3A1720003C02F2 /* Build configuration list for PBXProject "AbismoTwitterOF" */;
			compatibilityVersion = "Xcode 2.4";
			developmentRegion = English;
			hasScannedForEncodings = 0;
			knownRegions = (
				English,
				Japanese,
				French,
				German,
			);
			mainGroup = E4B69B4A0A3A1720003C02F2;
			productRefGroup = E4B69B4A0A3A1720003C02F2;
			projectDirPath = "";
			projectReferences = (
				{
					ProductGroup = E4328144138ABC890047C5CB /* Products */;
					ProjectRef = E4328143138ABC890047C5CB /* openFrameworksLib.xcodeproj */;
				},
			);
			projectRoot = "";
			targets = (
				E4B69B5A0A3A1756003C02F2 /* AbismoTwitterOF */,
			);
		};
/* End PBXProject section */

/* Begin PBXReferenceProxy section */
		E4328148138ABC890047C5CB /* openFrameworksDebug.a */ = {
			isa = PBXReferenceProxy;
			fileType = archive.ar;
			path = openFrameworksDebug.a;
			remoteRef = E4328147138ABC890047C5CB /* PBXContainerItemProxy */;
			sourceTree = BUILT_PRODUCTS_DIR;
		};
/* End PBXReferenceProxy section */

/* Begin PBXShellScriptBuildPhase section */
		E4B6FFFD0C3F9AB9008CF71C /* ShellScript */ = {
			isa = PBXShellScriptBuildPhase;
			buildActionMask = 2147483647;
			files = (
			);
			inputPaths = (
			);
			outputPaths = (
			);
			runOnlyForDeploymentPostprocessing = 0;
			shellPath = /bin/sh;
			shellScript = "cp -f ../../../libs/fmodex/lib/osx/libfmodex.dylib \"$TARGET_BUILD_DIR/$PRODUCT_NAME.app/Contents/MacOS/libfmodex.dylib\"; install_name_tool -change ./libfmodex.dylib @executable_path/libfmodex.dylib \"$TARGET_BUILD_DIR/$PRODUCT_NAME.app/Contents/MacOS/$PRODUCT_NAME\";";
		};
/* End PBXShellScriptBuildPhase section */

/* Begin PBXSourcesBuildPhase section */
		E4B69B580A3A1756003C02F2 /* Sources */ = {
			isa = PBXSourcesBuildPhase;
			buildActionMask = 2147483647;
			files = (
				E4B69E200A3A1BDC003C02F2 /* main.cpp in Sources */,
				E4B69E210A3A1BDC003C02F2 /* testApp.cpp in Sources */,
				AFFD4A4E16ABABF2003D02A8 /* ofxOAuth.cpp in Sources */,
				AFFD4A4F16ABABF2003D02A8 /* tinyxml.cpp in Sources */,
				AFFD4A5016ABABF2003D02A8 /* tinyxmlerror.cpp in Sources */,
				AFFD4A5116ABABF2003D02A8 /* tinyxmlparser.cpp in Sources */,
				AFFD4A5216ABABF2003D02A8 /* ofxXmlSettings.cpp in Sources */,
				AFFD4ACE16ABACFD003D02A8 /* dump.c in Sources */,
				AFFD4ACF16ABACFD003D02A8 /* error.c in Sources */,
				AFFD4AD016ABACFD003D02A8 /* hashtable.c in Sources */,
				AFFD4AD116ABACFD003D02A8 /* load.c in Sources */,
				AFFD4AD216ABACFD003D02A8 /* memory.c in Sources */,
				AFFD4AD316ABACFD003D02A8 /* pack_unpack.c in Sources */,
				AFFD4AD416ABACFD003D02A8 /* strbuffer.c in Sources */,
				AFFD4AD516ABACFD003D02A8 /* utf.c in Sources */,
				AFFD4AD616ABACFD003D02A8 /* value.c in Sources */,
				AFFD4AD716ABACFD003D02A8 /* modp_b64.c in Sources */,
				AFFD4AE616AC8D95003D02A8 /* ofxBaseTwitterApi.cpp in Sources */,
				AF7F662C16B044A60004327D /* GraphUtils.cpp in Sources */,
				AF7F665A16B0E3F70004327D /* IpEndpointName.cpp in Sources */,
				AF7F665B16B0E3F70004327D /* NetworkingUtils.cpp in Sources */,
				AF7F665C16B0E3F70004327D /* UdpSocket.cpp in Sources */,
				AF7F665F16B0E3F70004327D /* OscOutboundPacketStream.cpp in Sources */,
				AF7F666016B0E3F70004327D /* OscPrintReceivedElements.cpp in Sources */,
				AF7F666116B0E3F70004327D /* OscReceivedElements.cpp in Sources */,
				AF7F666216B0E3F70004327D /* OscTypes.cpp in Sources */,
				AF7F666316B0E3F70004327D /* ofxOscBundle.cpp in Sources */,
				AF7F666416B0E3F70004327D /* ofxOscMessage.cpp in Sources */,
				AF7F666516B0E3F70004327D /* ofxOscReceiver.cpp in Sources */,
				AF7F666616B0E3F70004327D /* ofxOscSender.cpp in Sources */,
				AF7F667716B20DCA0004327D /* TextSelectBar.cpp in Sources */,
				AF7F66A716B2F94C0004327D /* TextStack.cpp in Sources */,
			);
			runOnlyForDeploymentPostprocessing = 0;
		};
/* End PBXSourcesBuildPhase section */

/* Begin PBXTargetDependency section */
		E4EEB9AC138B136A00A80321 /* PBXTargetDependency */ = {
			isa = PBXTargetDependency;
			name = openFrameworks;
			targetProxy = E4EEB9AB138B136A00A80321 /* PBXContainerItemProxy */;
		};
/* End PBXTargetDependency section */

/* Begin XCBuildConfiguration section */
		E4B69B4E0A3A1720003C02F2 /* Debug */ = {
			isa = XCBuildConfiguration;
			baseConfigurationReference = E4EB6923138AFD0F00A09F29 /* Project.xcconfig */;
			buildSettings = {
				ARCHS = "$(NATIVE_ARCH)";
				CONFIGURATION_BUILD_DIR = "$(SRCROOT)/bin/";
				COPY_PHASE_STRIP = NO;
				DEAD_CODE_STRIPPING = YES;
				GCC_AUTO_VECTORIZATION = YES;
				GCC_ENABLE_SSE3_EXTENSIONS = YES;
				GCC_ENABLE_SUPPLEMENTAL_SSE3_INSTRUCTIONS = YES;
				GCC_INLINES_ARE_PRIVATE_EXTERN = NO;
				GCC_OPTIMIZATION_LEVEL = 0;
				GCC_SYMBOLS_PRIVATE_EXTERN = NO;
				GCC_WARN_ABOUT_DEPRECATED_FUNCTIONS = YES;
				GCC_WARN_ABOUT_INVALID_OFFSETOF_MACRO = NO;
				GCC_WARN_ALLOW_INCOMPLETE_PROTOCOL = NO;
				GCC_WARN_UNINITIALIZED_AUTOS = NO;
				GCC_WARN_UNUSED_VALUE = NO;
				GCC_WARN_UNUSED_VARIABLE = NO;
				OTHER_CPLUSPLUSFLAGS = (
					"-D__MACOSX_CORE__",
					"-lpthread",
					"-mtune=native",
				);
				SDKROOT = macosx10.6;
			};
			name = Debug;
		};
		E4B69B4F0A3A1720003C02F2 /* Release */ = {
			isa = XCBuildConfiguration;
			baseConfigurationReference = E4EB6923138AFD0F00A09F29 /* Project.xcconfig */;
			buildSettings = {
				ARCHS = "$(NATIVE_ARCH)";
				CONFIGURATION_BUILD_DIR = "$(SRCROOT)/bin/";
				COPY_PHASE_STRIP = YES;
				DEAD_CODE_STRIPPING = YES;
				GCC_AUTO_VECTORIZATION = YES;
				GCC_ENABLE_SSE3_EXTENSIONS = YES;
				GCC_ENABLE_SUPPLEMENTAL_SSE3_INSTRUCTIONS = YES;
				GCC_INLINES_ARE_PRIVATE_EXTERN = NO;
				GCC_OPTIMIZATION_LEVEL = 3;
				GCC_SYMBOLS_PRIVATE_EXTERN = NO;
				GCC_UNROLL_LOOPS = YES;
				GCC_WARN_ABOUT_DEPRECATED_FUNCTIONS = YES;
				GCC_WARN_ABOUT_INVALID_OFFSETOF_MACRO = NO;
				GCC_WARN_ALLOW_INCOMPLETE_PROTOCOL = NO;
				GCC_WARN_UNINITIALIZED_AUTOS = NO;
				GCC_WARN_UNUSED_VALUE = NO;
				GCC_WARN_UNUSED_VARIABLE = NO;
				OTHER_CPLUSPLUSFLAGS = (
					"-D__MACOSX_CORE__",
					"-lpthread",
					"-mtune=native",
				);
				SDKROOT = macosx10.6;
			};
			name = Release;
		};
		E4B69B600A3A1757003C02F2 /* Debug */ = {
			isa = XCBuildConfiguration;
			buildSettings = {
				COPY_PHASE_STRIP = NO;
				FRAMEWORK_SEARCH_PATHS = (
					"$(inherited)",
					"$(FRAMEWORK_SEARCH_PATHS_QUOTED_FOR_TARGET_1)",
				);
				FRAMEWORK_SEARCH_PATHS_QUOTED_FOR_TARGET_1 = "\"$(SRCROOT)/../../../libs/glut/lib/osx\"";
				GCC_DYNAMIC_NO_PIC = NO;
				GCC_ENABLE_FIX_AND_CONTINUE = YES;
				GCC_GENERATE_DEBUGGING_SYMBOLS = YES;
				GCC_MODEL_TUNING = NONE;
				GCC_PRECOMPILE_PREFIX_HEADER = YES;
				GCC_PREFIX_HEADER = "$(SYSTEM_LIBRARY_DIR)/Frameworks/Carbon.framework/Headers/Carbon.h";
				INFOPLIST_FILE = "openFrameworks-Info.plist";
				INSTALL_PATH = "$(HOME)/Applications";
				LIBRARY_SEARCH_PATHS = (
					"$(inherited)",
					"$(LIBRARY_SEARCH_PATHS_QUOTED_FOR_TARGET_1)",
					"$(LIBRARY_SEARCH_PATHS_QUOTED_FOR_TARGET_2)",
					"$(LIBRARY_SEARCH_PATHS_QUOTED_FOR_TARGET_3)",
					"$(LIBRARY_SEARCH_PATHS_QUOTED_FOR_TARGET_4)",
					"$(LIBRARY_SEARCH_PATHS_QUOTED_FOR_TARGET_5)",
					"$(LIBRARY_SEARCH_PATHS_QUOTED_FOR_TARGET_6)",
					"$(LIBRARY_SEARCH_PATHS_QUOTED_FOR_TARGET_7)",
					"$(LIBRARY_SEARCH_PATHS_QUOTED_FOR_TARGET_8)",
					"$(LIBRARY_SEARCH_PATHS_QUOTED_FOR_TARGET_9)",
					"$(LIBRARY_SEARCH_PATHS_QUOTED_FOR_TARGET_10)",
					"$(LIBRARY_SEARCH_PATHS_QUOTED_FOR_TARGET_11)",
					"$(LIBRARY_SEARCH_PATHS_QUOTED_FOR_TARGET_12)",
					"$(LIBRARY_SEARCH_PATHS_QUOTED_FOR_TARGET_13)",
					"$(LIBRARY_SEARCH_PATHS_QUOTED_FOR_TARGET_14)",
					"$(LIBRARY_SEARCH_PATHS_QUOTED_FOR_TARGET_15)",
					"$(LIBRARY_SEARCH_PATHS_QUOTED_FOR_TARGET_2)",
					"$(LIBRARY_SEARCH_PATHS_QUOTED_FOR_TARGET_3)",
					"$(LIBRARY_SEARCH_PATHS_QUOTED_FOR_TARGET_7)",
					"$(LIBRARY_SEARCH_PATHS_QUOTED_FOR_TARGET_8)",
					"$(LIBRARY_SEARCH_PATHS_QUOTED_FOR_TARGET_9)",
					"$(LIBRARY_SEARCH_PATHS_QUOTED_FOR_TARGET_10)",
					"$(LIBRARY_SEARCH_PATHS_QUOTED_FOR_TARGET_11)",
					"$(LIBRARY_SEARCH_PATHS_QUOTED_FOR_TARGET_12)",
					"$(LIBRARY_SEARCH_PATHS_QUOTED_FOR_TARGET_13)",
					"$(LIBRARY_SEARCH_PATHS_QUOTED_FOR_TARGET_16)",
					"$(LIBRARY_SEARCH_PATHS_QUOTED_FOR_TARGET_17)",
					"$(LIBRARY_SEARCH_PATHS_QUOTED_FOR_TARGET_18)",
					"$(LIBRARY_SEARCH_PATHS_QUOTED_FOR_TARGET_19)",
					"$(LIBRARY_SEARCH_PATHS_QUOTED_FOR_TARGET_20)",
					"$(LIBRARY_SEARCH_PATHS_QUOTED_FOR_TARGET_21)",
					"$(LIBRARY_SEARCH_PATHS_QUOTED_FOR_TARGET_22)",
					"$(LIBRARY_SEARCH_PATHS_QUOTED_FOR_TARGET_23)",
					"$(LIBRARY_SEARCH_PATHS_QUOTED_FOR_TARGET_24)",
					"$(LIBRARY_SEARCH_PATHS_QUOTED_FOR_TARGET_25)",
					"$(LIBRARY_SEARCH_PATHS_QUOTED_FOR_TARGET_26)",
					"$(LIBRARY_SEARCH_PATHS_QUOTED_FOR_TARGET_27)",
					"$(LIBRARY_SEARCH_PATHS_QUOTED_FOR_TARGET_28)",
					"$(LIBRARY_SEARCH_PATHS_QUOTED_FOR_TARGET_29)",
					"$(LIBRARY_SEARCH_PATHS_QUOTED_FOR_TARGET_30)",
					"$(LIBRARY_SEARCH_PATHS_QUOTED_FOR_TARGET_31)",
					"$(LIBRARY_SEARCH_PATHS_QUOTED_FOR_TARGET_32)",
					"$(LIBRARY_SEARCH_PATHS_QUOTED_FOR_TARGET_33)",
					"$(LIBRARY_SEARCH_PATHS_QUOTED_FOR_TARGET_34)",
					"$(LIBRARY_SEARCH_PATHS_QUOTED_FOR_TARGET_35)",
					"$(LIBRARY_SEARCH_PATHS_QUOTED_FOR_TARGET_36)",
					"$(LIBRARY_SEARCH_PATHS_QUOTED_FOR_TARGET_37)",
					"$(LIBRARY_SEARCH_PATHS_QUOTED_FOR_TARGET_38)",
					"$(LIBRARY_SEARCH_PATHS_QUOTED_FOR_TARGET_39)",
					"$(LIBRARY_SEARCH_PATHS_QUOTED_FOR_TARGET_40)",
					"$(LIBRARY_SEARCH_PATHS_QUOTED_FOR_TARGET_41)",
					"$(LIBRARY_SEARCH_PATHS_QUOTED_FOR_TARGET_42)",
					"$(LIBRARY_SEARCH_PATHS_QUOTED_FOR_TARGET_43)",
					"$(LIBRARY_SEARCH_PATHS_QUOTED_FOR_TARGET_44)",
					"$(LIBRARY_SEARCH_PATHS_QUOTED_FOR_TARGET_45)",
					"$(LIBRARY_SEARCH_PATHS_QUOTED_FOR_TARGET_46)",
					"$(LIBRARY_SEARCH_PATHS_QUOTED_FOR_TARGET_47)",
					"$(LIBRARY_SEARCH_PATHS_QUOTED_FOR_TARGET_48)",
					"$(LIBRARY_SEARCH_PATHS_QUOTED_FOR_TARGET_49)",
					"$(LIBRARY_SEARCH_PATHS_QUOTED_FOR_TARGET_50)",
					"$(LIBRARY_SEARCH_PATHS_QUOTED_FOR_TARGET_51)",
					"$(LIBRARY_SEARCH_PATHS_QUOTED_FOR_TARGET_52)",
					"$(LIBRARY_SEARCH_PATHS_QUOTED_FOR_TARGET_1)",
					"$(LIBRARY_SEARCH_PATHS_QUOTED_FOR_TARGET_2)",
					"$(LIBRARY_SEARCH_PATHS_QUOTED_FOR_TARGET_3)",
				);
				LIBRARY_SEARCH_PATHS_QUOTED_FOR_TARGET_1 = "\"$(SRCROOT)/../../../addons/ofxOAuth/libs/libcurl/lib/osx\"";
				LIBRARY_SEARCH_PATHS_QUOTED_FOR_TARGET_2 = "\"$(SRCROOT)/../../../addons/ofxOAuth/libs/liboauth/lib/osx\"";
				LIBRARY_SEARCH_PATHS_QUOTED_FOR_TARGET_3 = "\"$(SRCROOT)/../../../addons/ofxOAuth/libs/openssl/lib/osx\"";
				PREBINDING = NO;
				PRODUCT_NAME = AbismoTwitterOFDebug;
				WRAPPER_EXTENSION = app;
			};
			name = Debug;
		};
		E4B69B610A3A1757003C02F2 /* Release */ = {
			isa = XCBuildConfiguration;
			buildSettings = {
				COPY_PHASE_STRIP = YES;
				FRAMEWORK_SEARCH_PATHS = (
					"$(inherited)",
					"$(FRAMEWORK_SEARCH_PATHS_QUOTED_FOR_TARGET_1)",
				);
				FRAMEWORK_SEARCH_PATHS_QUOTED_FOR_TARGET_1 = "\"$(SRCROOT)/../../../libs/glut/lib/osx\"";
				GCC_ENABLE_FIX_AND_CONTINUE = NO;
				GCC_GENERATE_DEBUGGING_SYMBOLS = YES;
				GCC_MODEL_TUNING = NONE;
				GCC_PRECOMPILE_PREFIX_HEADER = YES;
				GCC_PREFIX_HEADER = "$(SYSTEM_LIBRARY_DIR)/Frameworks/Carbon.framework/Headers/Carbon.h";
				INFOPLIST_FILE = "openFrameworks-Info.plist";
				INSTALL_PATH = "$(HOME)/Applications";
				LIBRARY_SEARCH_PATHS = (
					"$(inherited)",
					"$(LIBRARY_SEARCH_PATHS_QUOTED_FOR_TARGET_1)",
					"$(LIBRARY_SEARCH_PATHS_QUOTED_FOR_TARGET_2)",
					"$(LIBRARY_SEARCH_PATHS_QUOTED_FOR_TARGET_3)",
					"$(LIBRARY_SEARCH_PATHS_QUOTED_FOR_TARGET_4)",
					"$(LIBRARY_SEARCH_PATHS_QUOTED_FOR_TARGET_5)",
					"$(LIBRARY_SEARCH_PATHS_QUOTED_FOR_TARGET_6)",
					"$(LIBRARY_SEARCH_PATHS_QUOTED_FOR_TARGET_7)",
					"$(LIBRARY_SEARCH_PATHS_QUOTED_FOR_TARGET_8)",
					"$(LIBRARY_SEARCH_PATHS_QUOTED_FOR_TARGET_9)",
					"$(LIBRARY_SEARCH_PATHS_QUOTED_FOR_TARGET_10)",
					"$(LIBRARY_SEARCH_PATHS_QUOTED_FOR_TARGET_11)",
					"$(LIBRARY_SEARCH_PATHS_QUOTED_FOR_TARGET_12)",
					"$(LIBRARY_SEARCH_PATHS_QUOTED_FOR_TARGET_13)",
					"$(LIBRARY_SEARCH_PATHS_QUOTED_FOR_TARGET_14)",
					"$(LIBRARY_SEARCH_PATHS_QUOTED_FOR_TARGET_15)",
					"$(LIBRARY_SEARCH_PATHS_QUOTED_FOR_TARGET_2)",
					"$(LIBRARY_SEARCH_PATHS_QUOTED_1)",
					"$(LIBRARY_SEARCH_PATHS_QUOTED_FOR_TARGET_3)",
					"$(LIBRARY_SEARCH_PATHS_QUOTED_FOR_TARGET_7)",
					"$(LIBRARY_SEARCH_PATHS_QUOTED_FOR_TARGET_8)",
					"$(LIBRARY_SEARCH_PATHS_QUOTED_FOR_TARGET_9)",
					"$(LIBRARY_SEARCH_PATHS_QUOTED_FOR_TARGET_10)",
					"$(LIBRARY_SEARCH_PATHS_QUOTED_FOR_TARGET_11)",
					"$(LIBRARY_SEARCH_PATHS_QUOTED_FOR_TARGET_12)",
					"$(LIBRARY_SEARCH_PATHS_QUOTED_FOR_TARGET_13)",
					"$(LIBRARY_SEARCH_PATHS_QUOTED_FOR_TARGET_16)",
					"$(LIBRARY_SEARCH_PATHS_QUOTED_FOR_TARGET_17)",
					"$(LIBRARY_SEARCH_PATHS_QUOTED_FOR_TARGET_18)",
					"$(LIBRARY_SEARCH_PATHS_QUOTED_FOR_TARGET_19)",
					"$(LIBRARY_SEARCH_PATHS_QUOTED_FOR_TARGET_20)",
					"$(LIBRARY_SEARCH_PATHS_QUOTED_FOR_TARGET_21)",
					"$(LIBRARY_SEARCH_PATHS_QUOTED_FOR_TARGET_22)",
					"$(LIBRARY_SEARCH_PATHS_QUOTED_FOR_TARGET_23)",
					"$(LIBRARY_SEARCH_PATHS_QUOTED_FOR_TARGET_24)",
					"$(LIBRARY_SEARCH_PATHS_QUOTED_FOR_TARGET_25)",
					"$(LIBRARY_SEARCH_PATHS_QUOTED_FOR_TARGET_26)",
					"$(LIBRARY_SEARCH_PATHS_QUOTED_FOR_TARGET_27)",
					"$(LIBRARY_SEARCH_PATHS_QUOTED_FOR_TARGET_28)",
					"$(LIBRARY_SEARCH_PATHS_QUOTED_FOR_TARGET_29)",
					"$(LIBRARY_SEARCH_PATHS_QUOTED_FOR_TARGET_30)",
					"$(LIBRARY_SEARCH_PATHS_QUOTED_FOR_TARGET_31)",
					"$(LIBRARY_SEARCH_PATHS_QUOTED_FOR_TARGET_32)",
					"$(LIBRARY_SEARCH_PATHS_QUOTED_FOR_TARGET_33)",
					"$(LIBRARY_SEARCH_PATHS_QUOTED_FOR_TARGET_34)",
					"$(LIBRARY_SEARCH_PATHS_QUOTED_FOR_TARGET_35)",
					"$(LIBRARY_SEARCH_PATHS_QUOTED_FOR_TARGET_36)",
					"$(LIBRARY_SEARCH_PATHS_QUOTED_FOR_TARGET_37)",
					"$(LIBRARY_SEARCH_PATHS_QUOTED_FOR_TARGET_38)",
					"$(LIBRARY_SEARCH_PATHS_QUOTED_FOR_TARGET_39)",
					"$(LIBRARY_SEARCH_PATHS_QUOTED_FOR_TARGET_40)",
					"$(LIBRARY_SEARCH_PATHS_QUOTED_FOR_TARGET_41)",
					"$(LIBRARY_SEARCH_PATHS_QUOTED_FOR_TARGET_42)",
					"$(LIBRARY_SEARCH_PATHS_QUOTED_FOR_TARGET_43)",
					"$(LIBRARY_SEARCH_PATHS_QUOTED_FOR_TARGET_44)",
					"$(LIBRARY_SEARCH_PATHS_QUOTED_FOR_TARGET_45)",
					"$(LIBRARY_SEARCH_PATHS_QUOTED_FOR_TARGET_46)",
					"$(LIBRARY_SEARCH_PATHS_QUOTED_FOR_TARGET_47)",
					"$(LIBRARY_SEARCH_PATHS_QUOTED_FOR_TARGET_48)",
					"$(LIBRARY_SEARCH_PATHS_QUOTED_FOR_TARGET_49)",
					"$(LIBRARY_SEARCH_PATHS_QUOTED_FOR_TARGET_50)",
					"$(LIBRARY_SEARCH_PATHS_QUOTED_FOR_TARGET_51)",
					"$(LIBRARY_SEARCH_PATHS_QUOTED_FOR_TARGET_1)",
					"$(LIBRARY_SEARCH_PATHS_QUOTED_FOR_TARGET_2)",
					"$(LIBRARY_SEARCH_PATHS_QUOTED_FOR_TARGET_3)",
				);
				LIBRARY_SEARCH_PATHS_QUOTED_FOR_TARGET_1 = "\"$(SRCROOT)/../../../addons/ofxOAuth/libs/libcurl/lib/osx\"";
				LIBRARY_SEARCH_PATHS_QUOTED_FOR_TARGET_2 = "\"$(SRCROOT)/../../../addons/ofxOAuth/libs/liboauth/lib/osx\"";
				LIBRARY_SEARCH_PATHS_QUOTED_FOR_TARGET_3 = "\"$(SRCROOT)/../../../addons/ofxOAuth/libs/openssl/lib/osx\"";
				PREBINDING = NO;
				PRODUCT_NAME = AbismoTwitterOF;
				WRAPPER_EXTENSION = app;
			};
			name = Release;
		};
/* End XCBuildConfiguration section */

/* Begin XCConfigurationList section */
		E4B69B4D0A3A1720003C02F2 /* Build configuration list for PBXProject "AbismoTwitterOF" */ = {
			isa = XCConfigurationList;
			buildConfigurations = (
				E4B69B4E0A3A1720003C02F2 /* Debug */,
				E4B69B4F0A3A1720003C02F2 /* Release */,
			);
			defaultConfigurationIsVisible = 0;
			defaultConfigurationName = Release;
		};
		E4B69B5F0A3A1757003C02F2 /* Build configuration list for PBXNativeTarget "AbismoTwitterOF" */ = {
			isa = XCConfigurationList;
			buildConfigurations = (
				E4B69B600A3A1757003C02F2 /* Debug */,
				E4B69B610A3A1757003C02F2 /* Release */,
			);
			defaultConfigurationIsVisible = 0;
			defaultConfigurationName = Release;
		};
/* End XCConfigurationList section */
	};
	rootObject = E4B69B4C0A3A1720003C02F2 /* Project object */;
}
